// !$*UTF8*$!
{
	archiveVersion = 1;
	classes = {
	};
	objectVersion = 55;
	objects = {

/* Begin PBXBuildFile section */
		17F58E8EBC225DA100F4762B /* Pods_MahjongPracticeTests.framework in Frameworks */ = {isa = PBXBuildFile; fileRef = 5FF6196C5BB18EFFE44E83B6 /* Pods_MahjongPracticeTests.framework */; };
		3CBCCF1CA8CFE7950CC42E71 /* Pods_MahjongPractice_MahjongPracticeUITests.framework in Frameworks */ = {isa = PBXBuildFile; fileRef = A668A2FB6B118FAF6D0F3252 /* Pods_MahjongPractice_MahjongPracticeUITests.framework */; };
		6D61DE8E53AC034CBE92CA40 /* Pods_MahjongPractice.framework in Frameworks */ = {isa = PBXBuildFile; fileRef = 5207B81F59BE7F62510E662B /* Pods_MahjongPractice.framework */; };
		712AEB812745D8AE006C8D4B /* redAlt.png in Resources */ = {isa = PBXBuildFile; fileRef = 712AEB802745D8AD006C8D4B /* redAlt.png */; };
		7142519E27078624001AE6F0 /* AppDelegate.swift in Sources */ = {isa = PBXBuildFile; fileRef = 7142519D27078624001AE6F0 /* AppDelegate.swift */; };
		714251A227078624001AE6F0 /* ViewController.swift in Sources */ = {isa = PBXBuildFile; fileRef = 714251A127078624001AE6F0 /* ViewController.swift */; };
		714251A527078624001AE6F0 /* Main.storyboard in Resources */ = {isa = PBXBuildFile; fileRef = 714251A327078624001AE6F0 /* Main.storyboard */; };
		714251A727078626001AE6F0 /* Assets.xcassets in Resources */ = {isa = PBXBuildFile; fileRef = 714251A627078626001AE6F0 /* Assets.xcassets */; };
		714251B527078626001AE6F0 /* MahjongPracticeTests.swift in Sources */ = {isa = PBXBuildFile; fileRef = 714251B427078626001AE6F0 /* MahjongPracticeTests.swift */; };
		714251BF27078626001AE6F0 /* MahjongPracticeUITests.swift in Sources */ = {isa = PBXBuildFile; fileRef = 714251BE27078626001AE6F0 /* MahjongPracticeUITests.swift */; };
		714251C127078626001AE6F0 /* MahjongPracticeUITestsLaunchTests.swift in Sources */ = {isa = PBXBuildFile; fileRef = 714251C027078626001AE6F0 /* MahjongPracticeUITestsLaunchTests.swift */; };
		7142523927079FED001AE6F0 /* 4bamnew.png in Resources */ = {isa = PBXBuildFile; fileRef = 714251D027079FE5001AE6F0 /* 4bamnew.png */; };
		7142523A27079FED001AE6F0 /* red.png in Resources */ = {isa = PBXBuildFile; fileRef = 714251D127079FE5001AE6F0 /* red.png */; };
		7142523B27079FED001AE6F0 /* west.png in Resources */ = {isa = PBXBuildFile; fileRef = 714251D227079FE5001AE6F0 /* west.png */; };
		7142523C27079FED001AE6F0 /* 1bamnew.png in Resources */ = {isa = PBXBuildFile; fileRef = 714251D327079FE5001AE6F0 /* 1bamnew.png */; };
		7142523D27079FED001AE6F0 /* sum.png in Resources */ = {isa = PBXBuildFile; fileRef = 714251D427079FE5001AE6F0 /* sum.png */; };
		7142523E27079FED001AE6F0 /* 6dot.png in Resources */ = {isa = PBXBuildFile; fileRef = 714251D527079FE6001AE6F0 /* 6dot.png */; };
		7142523F27079FED001AE6F0 /* 5bam.png in Resources */ = {isa = PBXBuildFile; fileRef = 714251D627079FE6001AE6F0 /* 5bam.png */; };
		7142524027079FED001AE6F0 /* 3craknew.png in Resources */ = {isa = PBXBuildFile; fileRef = 714251D727079FE6001AE6F0 /* 3craknew.png */; };
		7142524127079FED001AE6F0 /* f2.png in Resources */ = {isa = PBXBuildFile; fileRef = 714251D827079FE6001AE6F0 /* f2.png */; };
		7142524227079FED001AE6F0 /* sort2.png in Resources */ = {isa = PBXBuildFile; fileRef = 714251D927079FE6001AE6F0 /* sort2.png */; };
		7142524327079FED001AE6F0 /* spr.png in Resources */ = {isa = PBXBuildFile; fileRef = 714251DA27079FE6001AE6F0 /* spr.png */; };
		7142524427079FED001AE6F0 /* 5craknew.png in Resources */ = {isa = PBXBuildFile; fileRef = 714251DB27079FE6001AE6F0 /* 5craknew.png */; };
		7142524527079FED001AE6F0 /* 3bamnew.png in Resources */ = {isa = PBXBuildFile; fileRef = 714251DC27079FE6001AE6F0 /* 3bamnew.png */; };
		7142524627079FED001AE6F0 /* 5bamnew.png in Resources */ = {isa = PBXBuildFile; fileRef = 714251DD27079FE6001AE6F0 /* 5bamnew.png */; };
		7142524727079FED001AE6F0 /* declaremahjong.png in Resources */ = {isa = PBXBuildFile; fileRef = 714251DE27079FE6001AE6F0 /* declaremahjong.png */; };
		7142524827079FED001AE6F0 /* sideButtonSettings.png in Resources */ = {isa = PBXBuildFile; fileRef = 714251DF27079FE6001AE6F0 /* sideButtonSettings.png */; };
		7142524927079FED001AE6F0 /* 5crak.png in Resources */ = {isa = PBXBuildFile; fileRef = 714251E027079FE6001AE6F0 /* 5crak.png */; };
		7142524A27079FED001AE6F0 /* 9dot.png in Resources */ = {isa = PBXBuildFile; fileRef = 714251E127079FE6001AE6F0 /* 9dot.png */; };
		7142524B27079FED001AE6F0 /* 9craknew.png in Resources */ = {isa = PBXBuildFile; fileRef = 714251E227079FE6001AE6F0 /* 9craknew.png */; };
		7142524C27079FED001AE6F0 /* call11.png in Resources */ = {isa = PBXBuildFile; fileRef = 714251E327079FE6001AE6F0 /* call11.png */; };
		7142524D27079FED001AE6F0 /* 9bamnew.png in Resources */ = {isa = PBXBuildFile; fileRef = 714251E427079FE7001AE6F0 /* 9bamnew.png */; };
		7142524E27079FED001AE6F0 /* 4crak.png in Resources */ = {isa = PBXBuildFile; fileRef = 714251E527079FE7001AE6F0 /* 4crak.png */; };
		7142524F27079FED001AE6F0 /* 2crak.png in Resources */ = {isa = PBXBuildFile; fileRef = 714251E627079FE7001AE6F0 /* 2crak.png */; };
		7142525027079FED001AE6F0 /* 1crak.png in Resources */ = {isa = PBXBuildFile; fileRef = 714251E727079FE7001AE6F0 /* 1crak.png */; };
		7142525127079FED001AE6F0 /* f1.png in Resources */ = {isa = PBXBuildFile; fileRef = 714251E827079FE7001AE6F0 /* f1.png */; };
		7142525227079FED001AE6F0 /* draw4.png in Resources */ = {isa = PBXBuildFile; fileRef = 714251E927079FE7001AE6F0 /* draw4.png */; };
		7142525327079FED001AE6F0 /* 8bam.png in Resources */ = {isa = PBXBuildFile; fileRef = 714251EA27079FE7001AE6F0 /* 8bam.png */; };
		7142525427079FED001AE6F0 /* 6craknew.png in Resources */ = {isa = PBXBuildFile; fileRef = 714251EB27079FE7001AE6F0 /* 6craknew.png */; };
		7142525527079FED001AE6F0 /* 6bamnew.png in Resources */ = {isa = PBXBuildFile; fileRef = 714251EC27079FE7001AE6F0 /* 6bamnew.png */; };
		7142525627079FED001AE6F0 /* eastnew.png in Resources */ = {isa = PBXBuildFile; fileRef = 714251ED27079FE7001AE6F0 /* eastnew.png */; };
		7142525727079FED001AE6F0 /* draw2.png in Resources */ = {isa = PBXBuildFile; fileRef = 714251EE27079FE7001AE6F0 /* draw2.png */; };
		7142525827079FED001AE6F0 /* east.png in Resources */ = {isa = PBXBuildFile; fileRef = 714251EF27079FE7001AE6F0 /* east.png */; };
		7142525927079FED001AE6F0 /* 9dotnew.png in Resources */ = {isa = PBXBuildFile; fileRef = 714251F027079FE7001AE6F0 /* 9dotnew.png */; };
		7142525A27079FED001AE6F0 /* f3.png in Resources */ = {isa = PBXBuildFile; fileRef = 714251F127079FE7001AE6F0 /* f3.png */; };
		7142525B27079FED001AE6F0 /* play11.png in Resources */ = {isa = PBXBuildFile; fileRef = 714251F227079FE8001AE6F0 /* play11.png */; };
		7142525C27079FED001AE6F0 /* 2bamnew.png in Resources */ = {isa = PBXBuildFile; fileRef = 714251F327079FE8001AE6F0 /* 2bamnew.png */; };
		7142525D27079FED001AE6F0 /* aut.png in Resources */ = {isa = PBXBuildFile; fileRef = 714251F427079FE8001AE6F0 /* aut.png */; };
		7142525E27079FED001AE6F0 /* 6crak.png in Resources */ = {isa = PBXBuildFile; fileRef = 714251F527079FE8001AE6F0 /* 6crak.png */; };
		7142525F27079FED001AE6F0 /* 4dot.png in Resources */ = {isa = PBXBuildFile; fileRef = 714251F627079FE8001AE6F0 /* 4dot.png */; };
		7142526027079FED001AE6F0 /* 7craknew.png in Resources */ = {isa = PBXBuildFile; fileRef = 714251F727079FE8001AE6F0 /* 7craknew.png */; };
		7142526127079FED001AE6F0 /* 3crak.png in Resources */ = {isa = PBXBuildFile; fileRef = 714251F827079FE8001AE6F0 /* 3crak.png */; };
		7142526227079FED001AE6F0 /* northnew.png in Resources */ = {isa = PBXBuildFile; fileRef = 714251F927079FE8001AE6F0 /* northnew.png */; };
		7142526327079FED001AE6F0 /* win.png in Resources */ = {isa = PBXBuildFile; fileRef = 714251FA27079FE8001AE6F0 /* win.png */; };
		7142526427079FED001AE6F0 /* f4.png in Resources */ = {isa = PBXBuildFile; fileRef = 714251FB27079FE8001AE6F0 /* f4.png */; };
		7142526527079FED001AE6F0 /* 2dot.png in Resources */ = {isa = PBXBuildFile; fileRef = 714251FC27079FE8001AE6F0 /* 2dot.png */; };
		7142526627079FED001AE6F0 /* flowernew.png in Resources */ = {isa = PBXBuildFile; fileRef = 714251FD27079FE8001AE6F0 /* flowernew.png */; };
		7142526727079FED001AE6F0 /* soap.png in Resources */ = {isa = PBXBuildFile; fileRef = 714251FE27079FE9001AE6F0 /* soap.png */; };
		7142526827079FED001AE6F0 /* 7crak.png in Resources */ = {isa = PBXBuildFile; fileRef = 714251FF27079FE9001AE6F0 /* 7crak.png */; };
		7142526927079FED001AE6F0 /* iconfinder_circle-02_600789.png in Resources */ = {isa = PBXBuildFile; fileRef = 7142520027079FE9001AE6F0 /* iconfinder_circle-02_600789.png */; };
		7142526A27079FED001AE6F0 /* joker.png in Resources */ = {isa = PBXBuildFile; fileRef = 7142520127079FE9001AE6F0 /* joker.png */; };
		7142526B27079FED001AE6F0 /* 5dotnew.png in Resources */ = {isa = PBXBuildFile; fileRef = 7142520227079FE9001AE6F0 /* 5dotnew.png */; };
		7142526C27079FED001AE6F0 /* charles12.png in Resources */ = {isa = PBXBuildFile; fileRef = 7142520327079FE9001AE6F0 /* charles12.png */; };
		7142526D27079FED001AE6F0 /* call12.png in Resources */ = {isa = PBXBuildFile; fileRef = 7142520427079FE9001AE6F0 /* call12.png */; };
		7142526E27079FED001AE6F0 /* bots1.png in Resources */ = {isa = PBXBuildFile; fileRef = 7142520527079FE9001AE6F0 /* bots1.png */; };
		7142526F27079FED001AE6F0 /* counters12.png in Resources */ = {isa = PBXBuildFile; fileRef = 7142520627079FE9001AE6F0 /* counters12.png */; };
		7142527027079FED001AE6F0 /* play13.png in Resources */ = {isa = PBXBuildFile; fileRef = 7142520727079FE9001AE6F0 /* play13.png */; };
		7142527127079FED001AE6F0 /* 3dot.png in Resources */ = {isa = PBXBuildFile; fileRef = 7142520827079FE9001AE6F0 /* 3dot.png */; };
		7142527227079FED001AE6F0 /* 4dotnew.png in Resources */ = {isa = PBXBuildFile; fileRef = 7142520927079FEA001AE6F0 /* 4dotnew.png */; };
		7142527327079FED001AE6F0 /* play12.png in Resources */ = {isa = PBXBuildFile; fileRef = 7142520A27079FEA001AE6F0 /* play12.png */; };
		7142527427079FED001AE6F0 /* 8dot.png in Resources */ = {isa = PBXBuildFile; fileRef = 7142520B27079FEA001AE6F0 /* 8dot.png */; };
		7142527527079FED001AE6F0 /* charles14.png in Resources */ = {isa = PBXBuildFile; fileRef = 7142520C27079FEA001AE6F0 /* charles14.png */; };
		7142527627079FED001AE6F0 /* 6dotnew.png in Resources */ = {isa = PBXBuildFile; fileRef = 7142520D27079FEA001AE6F0 /* 6dotnew.png */; };
		7142527727079FED001AE6F0 /* 8bamlogo.png in Resources */ = {isa = PBXBuildFile; fileRef = 7142520E27079FEA001AE6F0 /* 8bamlogo.png */; };
		7142527827079FED001AE6F0 /* 7dot.png in Resources */ = {isa = PBXBuildFile; fileRef = 7142520F27079FEA001AE6F0 /* 7dot.png */; };
		7142527927079FED001AE6F0 /* 3dotnew.png in Resources */ = {isa = PBXBuildFile; fileRef = 7142521027079FEA001AE6F0 /* 3dotnew.png */; };
		7142527A27079FED001AE6F0 /* north.png in Resources */ = {isa = PBXBuildFile; fileRef = 7142521127079FEA001AE6F0 /* north.png */; };
		7142527B27079FED001AE6F0 /* 9bam.png in Resources */ = {isa = PBXBuildFile; fileRef = 7142521227079FEA001AE6F0 /* 9bam.png */; };
		7142527C27079FED001AE6F0 /* south.png in Resources */ = {isa = PBXBuildFile; fileRef = 7142521327079FEA001AE6F0 /* south.png */; };
		7142527D27079FED001AE6F0 /* 8dotnew.png in Resources */ = {isa = PBXBuildFile; fileRef = 7142521427079FEA001AE6F0 /* 8dotnew.png */; };
		7142527E27079FED001AE6F0 /* 8bamnew.png in Resources */ = {isa = PBXBuildFile; fileRef = 7142521527079FEA001AE6F0 /* 8bamnew.png */; };
		7142527F27079FED001AE6F0 /* 7bamnew.png in Resources */ = {isa = PBXBuildFile; fileRef = 7142521627079FEA001AE6F0 /* 7bamnew.png */; };
		7142528027079FED001AE6F0 /* 8crak.png in Resources */ = {isa = PBXBuildFile; fileRef = 7142521727079FEB001AE6F0 /* 8crak.png */; };
		7142528127079FED001AE6F0 /* blind2.png in Resources */ = {isa = PBXBuildFile; fileRef = 7142521827079FEB001AE6F0 /* blind2.png */; };
		7142528227079FED001AE6F0 /* sort1.png in Resources */ = {isa = PBXBuildFile; fileRef = 7142521927079FEB001AE6F0 /* sort1.png */; };
		7142528327079FED001AE6F0 /* sideButtonInfo.png in Resources */ = {isa = PBXBuildFile; fileRef = 7142521A27079FEB001AE6F0 /* sideButtonInfo.png */; };
		7142528427079FED001AE6F0 /* 4bam.png in Resources */ = {isa = PBXBuildFile; fileRef = 7142521B27079FEB001AE6F0 /* 4bam.png */; };
		7142528527079FED001AE6F0 /* 7dotnew.png in Resources */ = {isa = PBXBuildFile; fileRef = 7142521C27079FEB001AE6F0 /* 7dotnew.png */; };
		7142528627079FED001AE6F0 /* 1dot.png in Resources */ = {isa = PBXBuildFile; fileRef = 7142521D27079FEB001AE6F0 /* 1dot.png */; };
		7142528727079FED001AE6F0 /* charles13.png in Resources */ = {isa = PBXBuildFile; fileRef = 7142521E27079FEB001AE6F0 /* charles13.png */; };
		7142528827079FED001AE6F0 /* green.png in Resources */ = {isa = PBXBuildFile; fileRef = 7142521F27079FEB001AE6F0 /* green.png */; };
		7142528927079FED001AE6F0 /* 1dotnew.png in Resources */ = {isa = PBXBuildFile; fileRef = 7142522027079FEB001AE6F0 /* 1dotnew.png */; };
		7142528A27079FED001AE6F0 /* call13.png in Resources */ = {isa = PBXBuildFile; fileRef = 7142522127079FEB001AE6F0 /* call13.png */; };
		7142528B27079FED001AE6F0 /* 5dot.png in Resources */ = {isa = PBXBuildFile; fileRef = 7142522227079FEB001AE6F0 /* 5dot.png */; };
		7142528C27079FED001AE6F0 /* 2dotnew.png in Resources */ = {isa = PBXBuildFile; fileRef = 7142522327079FEB001AE6F0 /* 2dotnew.png */; };
		7142528D27079FED001AE6F0 /* draw3.png in Resources */ = {isa = PBXBuildFile; fileRef = 7142522427079FEC001AE6F0 /* draw3.png */; };
		7142528E27079FED001AE6F0 /* 2craknew.png in Resources */ = {isa = PBXBuildFile; fileRef = 7142522527079FEC001AE6F0 /* 2craknew.png */; };
		7142528F27079FED001AE6F0 /* 7bam.png in Resources */ = {isa = PBXBuildFile; fileRef = 7142522627079FEC001AE6F0 /* 7bam.png */; };
		7142529027079FED001AE6F0 /* charles11.png in Resources */ = {isa = PBXBuildFile; fileRef = 7142522727079FEC001AE6F0 /* charles11.png */; };
		7142529127079FED001AE6F0 /* southnew.png in Resources */ = {isa = PBXBuildFile; fileRef = 7142522827079FEC001AE6F0 /* southnew.png */; };
		7142529227079FED001AE6F0 /* westnew.png in Resources */ = {isa = PBXBuildFile; fileRef = 7142522927079FEC001AE6F0 /* westnew.png */; };
		7142529327079FED001AE6F0 /* 9crak.png in Resources */ = {isa = PBXBuildFile; fileRef = 7142522A27079FEC001AE6F0 /* 9crak.png */; };
		7142529427079FED001AE6F0 /* 1bam.png in Resources */ = {isa = PBXBuildFile; fileRef = 7142522B27079FEC001AE6F0 /* 1bam.png */; };
		7142529527079FED001AE6F0 /* 3bam.png in Resources */ = {isa = PBXBuildFile; fileRef = 7142522C27079FEC001AE6F0 /* 3bam.png */; };
		7142529627079FED001AE6F0 /* arrow_down.png in Resources */ = {isa = PBXBuildFile; fileRef = 7142522D27079FEC001AE6F0 /* arrow_down.png */; };
		7142529727079FED001AE6F0 /* arrow_right.png in Resources */ = {isa = PBXBuildFile; fileRef = 7142522E27079FEC001AE6F0 /* arrow_right.png */; };
		7142529827079FED001AE6F0 /* 6bam.png in Resources */ = {isa = PBXBuildFile; fileRef = 7142522F27079FEC001AE6F0 /* 6bam.png */; };
		7142529927079FED001AE6F0 /* 4craknew.png in Resources */ = {isa = PBXBuildFile; fileRef = 7142523027079FEC001AE6F0 /* 4craknew.png */; };
		7142529A27079FED001AE6F0 /* TRANS-ICON-WHITE.png in Resources */ = {isa = PBXBuildFile; fileRef = 7142523127079FEC001AE6F0 /* TRANS-ICON-WHITE.png */; };
		7142529B27079FED001AE6F0 /* 1craknew.png in Resources */ = {isa = PBXBuildFile; fileRef = 7142523227079FEC001AE6F0 /* 1craknew.png */; };
		7142529C27079FED001AE6F0 /* bots2.png in Resources */ = {isa = PBXBuildFile; fileRef = 7142523327079FED001AE6F0 /* bots2.png */; };
		7142529D27079FED001AE6F0 /* sideButtonPlay.png in Resources */ = {isa = PBXBuildFile; fileRef = 7142523427079FED001AE6F0 /* sideButtonPlay.png */; };
		7142529E27079FED001AE6F0 /* 8craknew.png in Resources */ = {isa = PBXBuildFile; fileRef = 7142523527079FED001AE6F0 /* 8craknew.png */; };
		7142529F27079FED001AE6F0 /* draw1.png in Resources */ = {isa = PBXBuildFile; fileRef = 7142523627079FED001AE6F0 /* draw1.png */; };
		714252A027079FED001AE6F0 /* blind3.png in Resources */ = {isa = PBXBuildFile; fileRef = 7142523727079FED001AE6F0 /* blind3.png */; };
		714252A127079FED001AE6F0 /* 2bam.png in Resources */ = {isa = PBXBuildFile; fileRef = 7142523827079FED001AE6F0 /* 2bam.png */; };
		714252B32707A024001AE6F0 /* Deck.swift in Sources */ = {isa = PBXBuildFile; fileRef = 714252A22707A023001AE6F0 /* Deck.swift */; };
		714252B42707A024001AE6F0 /* Card2019.swift in Sources */ = {isa = PBXBuildFile; fileRef = 714252A32707A023001AE6F0 /* Card2019.swift */; };
		714252B52707A024001AE6F0 /* Card2021.swift in Sources */ = {isa = PBXBuildFile; fileRef = 714252A42707A023001AE6F0 /* Card2021.swift */; };
		714252B62707A024001AE6F0 /* Card2016.swift in Sources */ = {isa = PBXBuildFile; fileRef = 714252A52707A023001AE6F0 /* Card2016.swift */; };
		714252B72707A024001AE6F0 /* Card2018.swift in Sources */ = {isa = PBXBuildFile; fileRef = 714252A62707A023001AE6F0 /* Card2018.swift */; };
		714252B82707A024001AE6F0 /* TileIdListList.swift in Sources */ = {isa = PBXBuildFile; fileRef = 714252A72707A023001AE6F0 /* TileIdListList.swift */; };
		714252B92707A024001AE6F0 /* Maj.swift in Sources */ = {isa = PBXBuildFile; fileRef = 714252A82707A023001AE6F0 /* Maj.swift */; };
		714252BA2707A024001AE6F0 /* Rack.swift in Sources */ = {isa = PBXBuildFile; fileRef = 714252A92707A023001AE6F0 /* Rack.swift */; };
		714252BB2707A024001AE6F0 /* Card2017.swift in Sources */ = {isa = PBXBuildFile; fileRef = 714252AA2707A023001AE6F0 /* Card2017.swift */; };
		714252BC2707A024001AE6F0 /* Card2020.swift in Sources */ = {isa = PBXBuildFile; fileRef = 714252AB2707A023001AE6F0 /* Card2020.swift */; };
		714252BD2707A024001AE6F0 /* TileMatches.swift in Sources */ = {isa = PBXBuildFile; fileRef = 714252AC2707A023001AE6F0 /* TileMatches.swift */; };
		714252BE2707A024001AE6F0 /* Hand.swift in Sources */ = {isa = PBXBuildFile; fileRef = 714252AD2707A023001AE6F0 /* Hand.swift */; };
		714252BF2707A024001AE6F0 /* DiscardTable.swift in Sources */ = {isa = PBXBuildFile; fileRef = 714252AE2707A023001AE6F0 /* DiscardTable.swift */; };
		714252C02707A024001AE6F0 /* Card.swift in Sources */ = {isa = PBXBuildFile; fileRef = 714252AF2707A023001AE6F0 /* Card.swift */; };
		714252C12707A024001AE6F0 /* TileIdMapList.swift in Sources */ = {isa = PBXBuildFile; fileRef = 714252B02707A024001AE6F0 /* TileIdMapList.swift */; };
		714252C22707A024001AE6F0 /* LetterPattern.swift in Sources */ = {isa = PBXBuildFile; fileRef = 714252B12707A024001AE6F0 /* LetterPattern.swift */; };
		714252C32707A024001AE6F0 /* Tile.swift in Sources */ = {isa = PBXBuildFile; fileRef = 714252B22707A024001AE6F0 /* Tile.swift */; };
		714252CF2707A04B001AE6F0 /* RevenueCat.swift in Sources */ = {isa = PBXBuildFile; fileRef = 714252C42707A04B001AE6F0 /* RevenueCat.swift */; };
		714252D02707A04B001AE6F0 /* CardView.swift in Sources */ = {isa = PBXBuildFile; fileRef = 714252C52707A04B001AE6F0 /* CardView.swift */; };
		714252D12707A04B001AE6F0 /* NarrowViewController.swift in Sources */ = {isa = PBXBuildFile; fileRef = 714252C62707A04B001AE6F0 /* NarrowViewController.swift */; };
		714252D22707A04C001AE6F0 /* HelpTableController.swift in Sources */ = {isa = PBXBuildFile; fileRef = 714252C72707A04B001AE6F0 /* HelpTableController.swift */; };
		714252D32707A04C001AE6F0 /* SettingsViewController.swift in Sources */ = {isa = PBXBuildFile; fileRef = 714252C82707A04B001AE6F0 /* SettingsViewController.swift */; };
		714252D42707A04C001AE6F0 /* BotView.swift in Sources */ = {isa = PBXBuildFile; fileRef = 714252C92707A04B001AE6F0 /* BotView.swift */; };
		714252D52707A04C001AE6F0 /* DiscardTableView.swift in Sources */ = {isa = PBXBuildFile; fileRef = 714252CA2707A04B001AE6F0 /* DiscardTableView.swift */; };
		714252D62707A04C001AE6F0 /* HelpChapter.swift in Sources */ = {isa = PBXBuildFile; fileRef = 714252CB2707A04B001AE6F0 /* HelpChapter.swift */; };
		714252D72707A04C001AE6F0 /* StatViewController.swift in Sources */ = {isa = PBXBuildFile; fileRef = 714252CC2707A04B001AE6F0 /* StatViewController.swift */; };
		714252D82707A04C001AE6F0 /* TileMatchView.swift in Sources */ = {isa = PBXBuildFile; fileRef = 714252CD2707A04B001AE6F0 /* TileMatchView.swift */; };
		714252D92707A04C001AE6F0 /* ValidationView.swift in Sources */ = {isa = PBXBuildFile; fileRef = 714252CE2707A04B001AE6F0 /* ValidationView.swift */; };
		714252DC2707A0FF001AE6F0 /* IAPHelper.swift in Sources */ = {isa = PBXBuildFile; fileRef = 714252DB2707A0FF001AE6F0 /* IAPHelper.swift */; };
		714252DE2707A24D001AE6F0 /* StoreKit.framework in Frameworks */ = {isa = PBXBuildFile; fileRef = 714252DD2707A24D001AE6F0 /* StoreKit.framework */; };
		714252E12707A80B001AE6F0 /* StoreKitTestCertificate.cer in Resources */ = {isa = PBXBuildFile; fileRef = 714252E02707A80B001AE6F0 /* StoreKitTestCertificate.cer */; };
		714252E32708033A001AE6F0 /* LaunchScreen.storyboard in Resources */ = {isa = PBXBuildFile; fileRef = 714252E22708033A001AE6F0 /* LaunchScreen.storyboard */; };
		714252E527080ACE001AE6F0 /* iconfinder_circle-26_600774.png in Resources */ = {isa = PBXBuildFile; fileRef = 714252E427080ACE001AE6F0 /* iconfinder_circle-26_600774.png */; };
/* End PBXBuildFile section */

/* Begin PBXContainerItemProxy section */
		714251B127078626001AE6F0 /* PBXContainerItemProxy */ = {
			isa = PBXContainerItemProxy;
			containerPortal = 7142519227078624001AE6F0 /* Project object */;
			proxyType = 1;
			remoteGlobalIDString = 7142519927078624001AE6F0;
			remoteInfo = MahjongPractice;
		};
		714251BB27078626001AE6F0 /* PBXContainerItemProxy */ = {
			isa = PBXContainerItemProxy;
			containerPortal = 7142519227078624001AE6F0 /* Project object */;
			proxyType = 1;
			remoteGlobalIDString = 7142519927078624001AE6F0;
			remoteInfo = MahjongPractice;
		};
/* End PBXContainerItemProxy section */

/* Begin PBXFileReference section */
		043FFB80DCB829C7FF631B55 /* Pods-MahjongPracticeTests.debug.xcconfig */ = {isa = PBXFileReference; includeInIndex = 1; lastKnownFileType = text.xcconfig; name = "Pods-MahjongPracticeTests.debug.xcconfig"; path = "Target Support Files/Pods-MahjongPracticeTests/Pods-MahjongPracticeTests.debug.xcconfig"; sourceTree = "<group>"; };
		20B3ACE0F49E212BDA5BE028 /* Pods-MahjongPracticeTests.release.xcconfig */ = {isa = PBXFileReference; includeInIndex = 1; lastKnownFileType = text.xcconfig; name = "Pods-MahjongPracticeTests.release.xcconfig"; path = "Target Support Files/Pods-MahjongPracticeTests/Pods-MahjongPracticeTests.release.xcconfig"; sourceTree = "<group>"; };
		41FE85C2C397AC47C2C352E0 /* Pods-MahjongPractice-MahjongPracticeUITests.release.xcconfig */ = {isa = PBXFileReference; includeInIndex = 1; lastKnownFileType = text.xcconfig; name = "Pods-MahjongPractice-MahjongPracticeUITests.release.xcconfig"; path = "Target Support Files/Pods-MahjongPractice-MahjongPracticeUITests/Pods-MahjongPractice-MahjongPracticeUITests.release.xcconfig"; sourceTree = "<group>"; };
		5207B81F59BE7F62510E662B /* Pods_MahjongPractice.framework */ = {isa = PBXFileReference; explicitFileType = wrapper.framework; includeInIndex = 0; path = Pods_MahjongPractice.framework; sourceTree = BUILT_PRODUCTS_DIR; };
		5709E3B66BCF2B32E7ACF1F9 /* Pods-MahjongPractice-MahjongPracticeUITests.debug.xcconfig */ = {isa = PBXFileReference; includeInIndex = 1; lastKnownFileType = text.xcconfig; name = "Pods-MahjongPractice-MahjongPracticeUITests.debug.xcconfig"; path = "Target Support Files/Pods-MahjongPractice-MahjongPracticeUITests/Pods-MahjongPractice-MahjongPracticeUITests.debug.xcconfig"; sourceTree = "<group>"; };
		5FF6196C5BB18EFFE44E83B6 /* Pods_MahjongPracticeTests.framework */ = {isa = PBXFileReference; explicitFileType = wrapper.framework; includeInIndex = 0; path = Pods_MahjongPracticeTests.framework; sourceTree = BUILT_PRODUCTS_DIR; };
		712AEB802745D8AD006C8D4B /* redAlt.png */ = {isa = PBXFileReference; lastKnownFileType = image.png; path = redAlt.png; sourceTree = "<group>"; };
		7142519A27078624001AE6F0 /* MahjongPractice.app */ = {isa = PBXFileReference; explicitFileType = wrapper.application; includeInIndex = 0; path = MahjongPractice.app; sourceTree = BUILT_PRODUCTS_DIR; };
		7142519D27078624001AE6F0 /* AppDelegate.swift */ = {isa = PBXFileReference; lastKnownFileType = sourcecode.swift; path = AppDelegate.swift; sourceTree = "<group>"; };
		714251A127078624001AE6F0 /* ViewController.swift */ = {isa = PBXFileReference; lastKnownFileType = sourcecode.swift; path = ViewController.swift; sourceTree = "<group>"; };
		714251A427078624001AE6F0 /* Base */ = {isa = PBXFileReference; lastKnownFileType = file.storyboard; name = Base; path = Base.lproj/Main.storyboard; sourceTree = "<group>"; };
		714251A627078626001AE6F0 /* Assets.xcassets */ = {isa = PBXFileReference; lastKnownFileType = folder.assetcatalog; path = Assets.xcassets; sourceTree = "<group>"; };
		714251AB27078626001AE6F0 /* Info.plist */ = {isa = PBXFileReference; lastKnownFileType = text.plist.xml; path = Info.plist; sourceTree = "<group>"; };
		714251B027078626001AE6F0 /* MahjongPracticeTests.xctest */ = {isa = PBXFileReference; explicitFileType = wrapper.cfbundle; includeInIndex = 0; path = MahjongPracticeTests.xctest; sourceTree = BUILT_PRODUCTS_DIR; };
		714251B427078626001AE6F0 /* MahjongPracticeTests.swift */ = {isa = PBXFileReference; lastKnownFileType = sourcecode.swift; path = MahjongPracticeTests.swift; sourceTree = "<group>"; };
		714251BA27078626001AE6F0 /* MahjongPracticeUITests.xctest */ = {isa = PBXFileReference; explicitFileType = wrapper.cfbundle; includeInIndex = 0; path = MahjongPracticeUITests.xctest; sourceTree = BUILT_PRODUCTS_DIR; };
		714251BE27078626001AE6F0 /* MahjongPracticeUITests.swift */ = {isa = PBXFileReference; lastKnownFileType = sourcecode.swift; path = MahjongPracticeUITests.swift; sourceTree = "<group>"; };
		714251C027078626001AE6F0 /* MahjongPracticeUITestsLaunchTests.swift */ = {isa = PBXFileReference; lastKnownFileType = sourcecode.swift; path = MahjongPracticeUITestsLaunchTests.swift; sourceTree = "<group>"; };
		714251D027079FE5001AE6F0 /* 4bamnew.png */ = {isa = PBXFileReference; lastKnownFileType = image.png; path = 4bamnew.png; sourceTree = "<group>"; };
		714251D127079FE5001AE6F0 /* red.png */ = {isa = PBXFileReference; lastKnownFileType = image.png; path = red.png; sourceTree = "<group>"; };
		714251D227079FE5001AE6F0 /* west.png */ = {isa = PBXFileReference; lastKnownFileType = image.png; path = west.png; sourceTree = "<group>"; };
		714251D327079FE5001AE6F0 /* 1bamnew.png */ = {isa = PBXFileReference; lastKnownFileType = image.png; path = 1bamnew.png; sourceTree = "<group>"; };
		714251D427079FE5001AE6F0 /* sum.png */ = {isa = PBXFileReference; lastKnownFileType = image.png; path = sum.png; sourceTree = "<group>"; };
		714251D527079FE6001AE6F0 /* 6dot.png */ = {isa = PBXFileReference; lastKnownFileType = image.png; path = 6dot.png; sourceTree = "<group>"; };
		714251D627079FE6001AE6F0 /* 5bam.png */ = {isa = PBXFileReference; lastKnownFileType = image.png; path = 5bam.png; sourceTree = "<group>"; };
		714251D727079FE6001AE6F0 /* 3craknew.png */ = {isa = PBXFileReference; lastKnownFileType = image.png; path = 3craknew.png; sourceTree = "<group>"; };
		714251D827079FE6001AE6F0 /* f2.png */ = {isa = PBXFileReference; lastKnownFileType = image.png; path = f2.png; sourceTree = "<group>"; };
		714251D927079FE6001AE6F0 /* sort2.png */ = {isa = PBXFileReference; lastKnownFileType = image.png; path = sort2.png; sourceTree = "<group>"; };
		714251DA27079FE6001AE6F0 /* spr.png */ = {isa = PBXFileReference; lastKnownFileType = image.png; path = spr.png; sourceTree = "<group>"; };
		714251DB27079FE6001AE6F0 /* 5craknew.png */ = {isa = PBXFileReference; lastKnownFileType = image.png; path = 5craknew.png; sourceTree = "<group>"; };
		714251DC27079FE6001AE6F0 /* 3bamnew.png */ = {isa = PBXFileReference; lastKnownFileType = image.png; path = 3bamnew.png; sourceTree = "<group>"; };
		714251DD27079FE6001AE6F0 /* 5bamnew.png */ = {isa = PBXFileReference; lastKnownFileType = image.png; path = 5bamnew.png; sourceTree = "<group>"; };
		714251DE27079FE6001AE6F0 /* declaremahjong.png */ = {isa = PBXFileReference; lastKnownFileType = image.png; path = declaremahjong.png; sourceTree = "<group>"; };
		714251DF27079FE6001AE6F0 /* sideButtonSettings.png */ = {isa = PBXFileReference; lastKnownFileType = image.png; path = sideButtonSettings.png; sourceTree = "<group>"; };
		714251E027079FE6001AE6F0 /* 5crak.png */ = {isa = PBXFileReference; lastKnownFileType = image.png; path = 5crak.png; sourceTree = "<group>"; };
		714251E127079FE6001AE6F0 /* 9dot.png */ = {isa = PBXFileReference; lastKnownFileType = image.png; path = 9dot.png; sourceTree = "<group>"; };
		714251E227079FE6001AE6F0 /* 9craknew.png */ = {isa = PBXFileReference; lastKnownFileType = image.png; path = 9craknew.png; sourceTree = "<group>"; };
		714251E327079FE6001AE6F0 /* call11.png */ = {isa = PBXFileReference; lastKnownFileType = image.png; path = call11.png; sourceTree = "<group>"; };
		714251E427079FE7001AE6F0 /* 9bamnew.png */ = {isa = PBXFileReference; lastKnownFileType = image.png; path = 9bamnew.png; sourceTree = "<group>"; };
		714251E527079FE7001AE6F0 /* 4crak.png */ = {isa = PBXFileReference; lastKnownFileType = image.png; path = 4crak.png; sourceTree = "<group>"; };
		714251E627079FE7001AE6F0 /* 2crak.png */ = {isa = PBXFileReference; lastKnownFileType = image.png; path = 2crak.png; sourceTree = "<group>"; };
		714251E727079FE7001AE6F0 /* 1crak.png */ = {isa = PBXFileReference; lastKnownFileType = image.png; path = 1crak.png; sourceTree = "<group>"; };
		714251E827079FE7001AE6F0 /* f1.png */ = {isa = PBXFileReference; lastKnownFileType = image.png; path = f1.png; sourceTree = "<group>"; };
		714251E927079FE7001AE6F0 /* draw4.png */ = {isa = PBXFileReference; lastKnownFileType = image.png; path = draw4.png; sourceTree = "<group>"; };
		714251EA27079FE7001AE6F0 /* 8bam.png */ = {isa = PBXFileReference; lastKnownFileType = image.png; path = 8bam.png; sourceTree = "<group>"; };
		714251EB27079FE7001AE6F0 /* 6craknew.png */ = {isa = PBXFileReference; lastKnownFileType = image.png; path = 6craknew.png; sourceTree = "<group>"; };
		714251EC27079FE7001AE6F0 /* 6bamnew.png */ = {isa = PBXFileReference; lastKnownFileType = image.png; path = 6bamnew.png; sourceTree = "<group>"; };
		714251ED27079FE7001AE6F0 /* eastnew.png */ = {isa = PBXFileReference; lastKnownFileType = image.png; path = eastnew.png; sourceTree = "<group>"; };
		714251EE27079FE7001AE6F0 /* draw2.png */ = {isa = PBXFileReference; lastKnownFileType = image.png; path = draw2.png; sourceTree = "<group>"; };
		714251EF27079FE7001AE6F0 /* east.png */ = {isa = PBXFileReference; lastKnownFileType = image.png; path = east.png; sourceTree = "<group>"; };
		714251F027079FE7001AE6F0 /* 9dotnew.png */ = {isa = PBXFileReference; lastKnownFileType = image.png; path = 9dotnew.png; sourceTree = "<group>"; };
		714251F127079FE7001AE6F0 /* f3.png */ = {isa = PBXFileReference; lastKnownFileType = image.png; path = f3.png; sourceTree = "<group>"; };
		714251F227079FE8001AE6F0 /* play11.png */ = {isa = PBXFileReference; lastKnownFileType = image.png; path = play11.png; sourceTree = "<group>"; };
		714251F327079FE8001AE6F0 /* 2bamnew.png */ = {isa = PBXFileReference; lastKnownFileType = image.png; path = 2bamnew.png; sourceTree = "<group>"; };
		714251F427079FE8001AE6F0 /* aut.png */ = {isa = PBXFileReference; lastKnownFileType = image.png; path = aut.png; sourceTree = "<group>"; };
		714251F527079FE8001AE6F0 /* 6crak.png */ = {isa = PBXFileReference; lastKnownFileType = image.png; path = 6crak.png; sourceTree = "<group>"; };
		714251F627079FE8001AE6F0 /* 4dot.png */ = {isa = PBXFileReference; lastKnownFileType = image.png; path = 4dot.png; sourceTree = "<group>"; };
		714251F727079FE8001AE6F0 /* 7craknew.png */ = {isa = PBXFileReference; lastKnownFileType = image.png; path = 7craknew.png; sourceTree = "<group>"; };
		714251F827079FE8001AE6F0 /* 3crak.png */ = {isa = PBXFileReference; lastKnownFileType = image.png; path = 3crak.png; sourceTree = "<group>"; };
		714251F927079FE8001AE6F0 /* northnew.png */ = {isa = PBXFileReference; lastKnownFileType = image.png; path = northnew.png; sourceTree = "<group>"; };
		714251FA27079FE8001AE6F0 /* win.png */ = {isa = PBXFileReference; lastKnownFileType = image.png; path = win.png; sourceTree = "<group>"; };
		714251FB27079FE8001AE6F0 /* f4.png */ = {isa = PBXFileReference; lastKnownFileType = image.png; path = f4.png; sourceTree = "<group>"; };
		714251FC27079FE8001AE6F0 /* 2dot.png */ = {isa = PBXFileReference; lastKnownFileType = image.png; path = 2dot.png; sourceTree = "<group>"; };
		714251FD27079FE8001AE6F0 /* flowernew.png */ = {isa = PBXFileReference; lastKnownFileType = image.png; path = flowernew.png; sourceTree = "<group>"; };
		714251FE27079FE9001AE6F0 /* soap.png */ = {isa = PBXFileReference; lastKnownFileType = image.png; path = soap.png; sourceTree = "<group>"; };
		714251FF27079FE9001AE6F0 /* 7crak.png */ = {isa = PBXFileReference; lastKnownFileType = image.png; path = 7crak.png; sourceTree = "<group>"; };
		7142520027079FE9001AE6F0 /* iconfinder_circle-02_600789.png */ = {isa = PBXFileReference; lastKnownFileType = image.png; path = "iconfinder_circle-02_600789.png"; sourceTree = "<group>"; };
		7142520127079FE9001AE6F0 /* joker.png */ = {isa = PBXFileReference; lastKnownFileType = image.png; path = joker.png; sourceTree = "<group>"; };
		7142520227079FE9001AE6F0 /* 5dotnew.png */ = {isa = PBXFileReference; lastKnownFileType = image.png; path = 5dotnew.png; sourceTree = "<group>"; };
		7142520327079FE9001AE6F0 /* charles12.png */ = {isa = PBXFileReference; lastKnownFileType = image.png; path = charles12.png; sourceTree = "<group>"; };
		7142520427079FE9001AE6F0 /* call12.png */ = {isa = PBXFileReference; lastKnownFileType = image.png; path = call12.png; sourceTree = "<group>"; };
		7142520527079FE9001AE6F0 /* bots1.png */ = {isa = PBXFileReference; lastKnownFileType = image.png; path = bots1.png; sourceTree = "<group>"; };
		7142520627079FE9001AE6F0 /* counters12.png */ = {isa = PBXFileReference; lastKnownFileType = image.png; path = counters12.png; sourceTree = "<group>"; };
		7142520727079FE9001AE6F0 /* play13.png */ = {isa = PBXFileReference; lastKnownFileType = image.png; path = play13.png; sourceTree = "<group>"; };
		7142520827079FE9001AE6F0 /* 3dot.png */ = {isa = PBXFileReference; lastKnownFileType = image.png; path = 3dot.png; sourceTree = "<group>"; };
		7142520927079FEA001AE6F0 /* 4dotnew.png */ = {isa = PBXFileReference; lastKnownFileType = image.png; path = 4dotnew.png; sourceTree = "<group>"; };
		7142520A27079FEA001AE6F0 /* play12.png */ = {isa = PBXFileReference; lastKnownFileType = image.png; path = play12.png; sourceTree = "<group>"; };
		7142520B27079FEA001AE6F0 /* 8dot.png */ = {isa = PBXFileReference; lastKnownFileType = image.png; path = 8dot.png; sourceTree = "<group>"; };
		7142520C27079FEA001AE6F0 /* charles14.png */ = {isa = PBXFileReference; lastKnownFileType = image.png; path = charles14.png; sourceTree = "<group>"; };
		7142520D27079FEA001AE6F0 /* 6dotnew.png */ = {isa = PBXFileReference; lastKnownFileType = image.png; path = 6dotnew.png; sourceTree = "<group>"; };
		7142520E27079FEA001AE6F0 /* 8bamlogo.png */ = {isa = PBXFileReference; lastKnownFileType = image.png; path = 8bamlogo.png; sourceTree = "<group>"; };
		7142520F27079FEA001AE6F0 /* 7dot.png */ = {isa = PBXFileReference; lastKnownFileType = image.png; path = 7dot.png; sourceTree = "<group>"; };
		7142521027079FEA001AE6F0 /* 3dotnew.png */ = {isa = PBXFileReference; lastKnownFileType = image.png; path = 3dotnew.png; sourceTree = "<group>"; };
		7142521127079FEA001AE6F0 /* north.png */ = {isa = PBXFileReference; lastKnownFileType = image.png; path = north.png; sourceTree = "<group>"; };
		7142521227079FEA001AE6F0 /* 9bam.png */ = {isa = PBXFileReference; lastKnownFileType = image.png; path = 9bam.png; sourceTree = "<group>"; };
		7142521327079FEA001AE6F0 /* south.png */ = {isa = PBXFileReference; lastKnownFileType = image.png; path = south.png; sourceTree = "<group>"; };
		7142521427079FEA001AE6F0 /* 8dotnew.png */ = {isa = PBXFileReference; lastKnownFileType = image.png; path = 8dotnew.png; sourceTree = "<group>"; };
		7142521527079FEA001AE6F0 /* 8bamnew.png */ = {isa = PBXFileReference; lastKnownFileType = image.png; path = 8bamnew.png; sourceTree = "<group>"; };
		7142521627079FEA001AE6F0 /* 7bamnew.png */ = {isa = PBXFileReference; lastKnownFileType = image.png; path = 7bamnew.png; sourceTree = "<group>"; };
		7142521727079FEB001AE6F0 /* 8crak.png */ = {isa = PBXFileReference; lastKnownFileType = image.png; path = 8crak.png; sourceTree = "<group>"; };
		7142521827079FEB001AE6F0 /* blind2.png */ = {isa = PBXFileReference; lastKnownFileType = image.png; path = blind2.png; sourceTree = "<group>"; };
		7142521927079FEB001AE6F0 /* sort1.png */ = {isa = PBXFileReference; lastKnownFileType = image.png; path = sort1.png; sourceTree = "<group>"; };
		7142521A27079FEB001AE6F0 /* sideButtonInfo.png */ = {isa = PBXFileReference; lastKnownFileType = image.png; path = sideButtonInfo.png; sourceTree = "<group>"; };
		7142521B27079FEB001AE6F0 /* 4bam.png */ = {isa = PBXFileReference; lastKnownFileType = image.png; path = 4bam.png; sourceTree = "<group>"; };
		7142521C27079FEB001AE6F0 /* 7dotnew.png */ = {isa = PBXFileReference; lastKnownFileType = image.png; path = 7dotnew.png; sourceTree = "<group>"; };
		7142521D27079FEB001AE6F0 /* 1dot.png */ = {isa = PBXFileReference; lastKnownFileType = image.png; path = 1dot.png; sourceTree = "<group>"; };
		7142521E27079FEB001AE6F0 /* charles13.png */ = {isa = PBXFileReference; lastKnownFileType = image.png; path = charles13.png; sourceTree = "<group>"; };
		7142521F27079FEB001AE6F0 /* green.png */ = {isa = PBXFileReference; lastKnownFileType = image.png; path = green.png; sourceTree = "<group>"; };
		7142522027079FEB001AE6F0 /* 1dotnew.png */ = {isa = PBXFileReference; lastKnownFileType = image.png; path = 1dotnew.png; sourceTree = "<group>"; };
		7142522127079FEB001AE6F0 /* call13.png */ = {isa = PBXFileReference; lastKnownFileType = image.png; path = call13.png; sourceTree = "<group>"; };
		7142522227079FEB001AE6F0 /* 5dot.png */ = {isa = PBXFileReference; lastKnownFileType = image.png; path = 5dot.png; sourceTree = "<group>"; };
		7142522327079FEB001AE6F0 /* 2dotnew.png */ = {isa = PBXFileReference; lastKnownFileType = image.png; path = 2dotnew.png; sourceTree = "<group>"; };
		7142522427079FEC001AE6F0 /* draw3.png */ = {isa = PBXFileReference; lastKnownFileType = image.png; path = draw3.png; sourceTree = "<group>"; };
		7142522527079FEC001AE6F0 /* 2craknew.png */ = {isa = PBXFileReference; lastKnownFileType = image.png; path = 2craknew.png; sourceTree = "<group>"; };
		7142522627079FEC001AE6F0 /* 7bam.png */ = {isa = PBXFileReference; lastKnownFileType = image.png; path = 7bam.png; sourceTree = "<group>"; };
		7142522727079FEC001AE6F0 /* charles11.png */ = {isa = PBXFileReference; lastKnownFileType = image.png; path = charles11.png; sourceTree = "<group>"; };
		7142522827079FEC001AE6F0 /* southnew.png */ = {isa = PBXFileReference; lastKnownFileType = image.png; path = southnew.png; sourceTree = "<group>"; };
		7142522927079FEC001AE6F0 /* westnew.png */ = {isa = PBXFileReference; lastKnownFileType = image.png; path = westnew.png; sourceTree = "<group>"; };
		7142522A27079FEC001AE6F0 /* 9crak.png */ = {isa = PBXFileReference; lastKnownFileType = image.png; path = 9crak.png; sourceTree = "<group>"; };
		7142522B27079FEC001AE6F0 /* 1bam.png */ = {isa = PBXFileReference; lastKnownFileType = image.png; path = 1bam.png; sourceTree = "<group>"; };
		7142522C27079FEC001AE6F0 /* 3bam.png */ = {isa = PBXFileReference; lastKnownFileType = image.png; path = 3bam.png; sourceTree = "<group>"; };
		7142522D27079FEC001AE6F0 /* arrow_down.png */ = {isa = PBXFileReference; lastKnownFileType = image.png; path = arrow_down.png; sourceTree = "<group>"; };
		7142522E27079FEC001AE6F0 /* arrow_right.png */ = {isa = PBXFileReference; lastKnownFileType = image.png; path = arrow_right.png; sourceTree = "<group>"; };
		7142522F27079FEC001AE6F0 /* 6bam.png */ = {isa = PBXFileReference; lastKnownFileType = image.png; path = 6bam.png; sourceTree = "<group>"; };
		7142523027079FEC001AE6F0 /* 4craknew.png */ = {isa = PBXFileReference; lastKnownFileType = image.png; path = 4craknew.png; sourceTree = "<group>"; };
		7142523127079FEC001AE6F0 /* TRANS-ICON-WHITE.png */ = {isa = PBXFileReference; lastKnownFileType = image.png; path = "TRANS-ICON-WHITE.png"; sourceTree = "<group>"; };
		7142523227079FEC001AE6F0 /* 1craknew.png */ = {isa = PBXFileReference; lastKnownFileType = image.png; path = 1craknew.png; sourceTree = "<group>"; };
		7142523327079FED001AE6F0 /* bots2.png */ = {isa = PBXFileReference; lastKnownFileType = image.png; path = bots2.png; sourceTree = "<group>"; };
		7142523427079FED001AE6F0 /* sideButtonPlay.png */ = {isa = PBXFileReference; lastKnownFileType = image.png; path = sideButtonPlay.png; sourceTree = "<group>"; };
		7142523527079FED001AE6F0 /* 8craknew.png */ = {isa = PBXFileReference; lastKnownFileType = image.png; path = 8craknew.png; sourceTree = "<group>"; };
		7142523627079FED001AE6F0 /* draw1.png */ = {isa = PBXFileReference; lastKnownFileType = image.png; path = draw1.png; sourceTree = "<group>"; };
		7142523727079FED001AE6F0 /* blind3.png */ = {isa = PBXFileReference; lastKnownFileType = image.png; path = blind3.png; sourceTree = "<group>"; };
		7142523827079FED001AE6F0 /* 2bam.png */ = {isa = PBXFileReference; lastKnownFileType = image.png; path = 2bam.png; sourceTree = "<group>"; };
		714252A22707A023001AE6F0 /* Deck.swift */ = {isa = PBXFileReference; fileEncoding = 4; lastKnownFileType = sourcecode.swift; path = Deck.swift; sourceTree = "<group>"; };
		714252A32707A023001AE6F0 /* Card2019.swift */ = {isa = PBXFileReference; fileEncoding = 4; lastKnownFileType = sourcecode.swift; path = Card2019.swift; sourceTree = "<group>"; };
		714252A42707A023001AE6F0 /* Card2021.swift */ = {isa = PBXFileReference; fileEncoding = 4; lastKnownFileType = sourcecode.swift; path = Card2021.swift; sourceTree = "<group>"; };
		714252A52707A023001AE6F0 /* Card2016.swift */ = {isa = PBXFileReference; fileEncoding = 4; lastKnownFileType = sourcecode.swift; path = Card2016.swift; sourceTree = "<group>"; };
		714252A62707A023001AE6F0 /* Card2018.swift */ = {isa = PBXFileReference; fileEncoding = 4; lastKnownFileType = sourcecode.swift; path = Card2018.swift; sourceTree = "<group>"; };
		714252A72707A023001AE6F0 /* TileIdListList.swift */ = {isa = PBXFileReference; fileEncoding = 4; lastKnownFileType = sourcecode.swift; path = TileIdListList.swift; sourceTree = "<group>"; };
		714252A82707A023001AE6F0 /* Maj.swift */ = {isa = PBXFileReference; fileEncoding = 4; lastKnownFileType = sourcecode.swift; path = Maj.swift; sourceTree = "<group>"; };
		714252A92707A023001AE6F0 /* Rack.swift */ = {isa = PBXFileReference; fileEncoding = 4; lastKnownFileType = sourcecode.swift; path = Rack.swift; sourceTree = "<group>"; };
		714252AA2707A023001AE6F0 /* Card2017.swift */ = {isa = PBXFileReference; fileEncoding = 4; lastKnownFileType = sourcecode.swift; path = Card2017.swift; sourceTree = "<group>"; };
		714252AB2707A023001AE6F0 /* Card2020.swift */ = {isa = PBXFileReference; fileEncoding = 4; lastKnownFileType = sourcecode.swift; path = Card2020.swift; sourceTree = "<group>"; };
		714252AC2707A023001AE6F0 /* TileMatches.swift */ = {isa = PBXFileReference; fileEncoding = 4; lastKnownFileType = sourcecode.swift; path = TileMatches.swift; sourceTree = "<group>"; };
		714252AD2707A023001AE6F0 /* Hand.swift */ = {isa = PBXFileReference; fileEncoding = 4; lastKnownFileType = sourcecode.swift; path = Hand.swift; sourceTree = "<group>"; };
		714252AE2707A023001AE6F0 /* DiscardTable.swift */ = {isa = PBXFileReference; fileEncoding = 4; lastKnownFileType = sourcecode.swift; path = DiscardTable.swift; sourceTree = "<group>"; };
		714252AF2707A023001AE6F0 /* Card.swift */ = {isa = PBXFileReference; fileEncoding = 4; lastKnownFileType = sourcecode.swift; path = Card.swift; sourceTree = "<group>"; };
		714252B02707A024001AE6F0 /* TileIdMapList.swift */ = {isa = PBXFileReference; fileEncoding = 4; lastKnownFileType = sourcecode.swift; path = TileIdMapList.swift; sourceTree = "<group>"; };
		714252B12707A024001AE6F0 /* LetterPattern.swift */ = {isa = PBXFileReference; fileEncoding = 4; lastKnownFileType = sourcecode.swift; path = LetterPattern.swift; sourceTree = "<group>"; };
		714252B22707A024001AE6F0 /* Tile.swift */ = {isa = PBXFileReference; fileEncoding = 4; lastKnownFileType = sourcecode.swift; path = Tile.swift; sourceTree = "<group>"; };
		714252C42707A04B001AE6F0 /* RevenueCat.swift */ = {isa = PBXFileReference; fileEncoding = 4; lastKnownFileType = sourcecode.swift; path = RevenueCat.swift; sourceTree = "<group>"; };
		714252C52707A04B001AE6F0 /* CardView.swift */ = {isa = PBXFileReference; fileEncoding = 4; lastKnownFileType = sourcecode.swift; path = CardView.swift; sourceTree = "<group>"; };
		714252C62707A04B001AE6F0 /* NarrowViewController.swift */ = {isa = PBXFileReference; fileEncoding = 4; lastKnownFileType = sourcecode.swift; path = NarrowViewController.swift; sourceTree = "<group>"; };
		714252C72707A04B001AE6F0 /* HelpTableController.swift */ = {isa = PBXFileReference; fileEncoding = 4; lastKnownFileType = sourcecode.swift; path = HelpTableController.swift; sourceTree = "<group>"; };
		714252C82707A04B001AE6F0 /* SettingsViewController.swift */ = {isa = PBXFileReference; fileEncoding = 4; lastKnownFileType = sourcecode.swift; path = SettingsViewController.swift; sourceTree = "<group>"; };
		714252C92707A04B001AE6F0 /* BotView.swift */ = {isa = PBXFileReference; fileEncoding = 4; lastKnownFileType = sourcecode.swift; path = BotView.swift; sourceTree = "<group>"; };
		714252CA2707A04B001AE6F0 /* DiscardTableView.swift */ = {isa = PBXFileReference; fileEncoding = 4; lastKnownFileType = sourcecode.swift; path = DiscardTableView.swift; sourceTree = "<group>"; };
		714252CB2707A04B001AE6F0 /* HelpChapter.swift */ = {isa = PBXFileReference; fileEncoding = 4; lastKnownFileType = sourcecode.swift; path = HelpChapter.swift; sourceTree = "<group>"; };
		714252CC2707A04B001AE6F0 /* StatViewController.swift */ = {isa = PBXFileReference; fileEncoding = 4; lastKnownFileType = sourcecode.swift; path = StatViewController.swift; sourceTree = "<group>"; };
		714252CD2707A04B001AE6F0 /* TileMatchView.swift */ = {isa = PBXFileReference; fileEncoding = 4; lastKnownFileType = sourcecode.swift; path = TileMatchView.swift; sourceTree = "<group>"; };
		714252CE2707A04B001AE6F0 /* ValidationView.swift */ = {isa = PBXFileReference; fileEncoding = 4; lastKnownFileType = sourcecode.swift; path = ValidationView.swift; sourceTree = "<group>"; };
		714252DB2707A0FF001AE6F0 /* IAPHelper.swift */ = {isa = PBXFileReference; fileEncoding = 4; lastKnownFileType = sourcecode.swift; path = IAPHelper.swift; sourceTree = "<group>"; };
		714252DD2707A24D001AE6F0 /* StoreKit.framework */ = {isa = PBXFileReference; lastKnownFileType = wrapper.framework; name = StoreKit.framework; path = System/Library/Frameworks/StoreKit.framework; sourceTree = SDKROOT; };
		714252DF2707A70B001AE6F0 /* Configuration.storekit */ = {isa = PBXFileReference; lastKnownFileType = text; path = Configuration.storekit; sourceTree = "<group>"; };
		714252E02707A80B001AE6F0 /* StoreKitTestCertificate.cer */ = {isa = PBXFileReference; lastKnownFileType = file; path = StoreKitTestCertificate.cer; sourceTree = "<group>"; };
		714252E22708033A001AE6F0 /* LaunchScreen.storyboard */ = {isa = PBXFileReference; fileEncoding = 4; lastKnownFileType = file.storyboard; path = LaunchScreen.storyboard; sourceTree = "<group>"; };
		714252E427080ACE001AE6F0 /* iconfinder_circle-26_600774.png */ = {isa = PBXFileReference; lastKnownFileType = image.png; path = "iconfinder_circle-26_600774.png"; sourceTree = "<group>"; };
		8A035980D389C5C22DDD03CB /* Pods-MahjongPractice.release.xcconfig */ = {isa = PBXFileReference; includeInIndex = 1; lastKnownFileType = text.xcconfig; name = "Pods-MahjongPractice.release.xcconfig"; path = "Target Support Files/Pods-MahjongPractice/Pods-MahjongPractice.release.xcconfig"; sourceTree = "<group>"; };
		A668A2FB6B118FAF6D0F3252 /* Pods_MahjongPractice_MahjongPracticeUITests.framework */ = {isa = PBXFileReference; explicitFileType = wrapper.framework; includeInIndex = 0; path = Pods_MahjongPractice_MahjongPracticeUITests.framework; sourceTree = BUILT_PRODUCTS_DIR; };
		B3B66BE8F9ED207F6CA2AB29 /* Pods-MahjongPractice.debug.xcconfig */ = {isa = PBXFileReference; includeInIndex = 1; lastKnownFileType = text.xcconfig; name = "Pods-MahjongPractice.debug.xcconfig"; path = "Target Support Files/Pods-MahjongPractice/Pods-MahjongPractice.debug.xcconfig"; sourceTree = "<group>"; };
/* End PBXFileReference section */

/* Begin PBXFrameworksBuildPhase section */
		7142519727078624001AE6F0 /* Frameworks */ = {
			isa = PBXFrameworksBuildPhase;
			buildActionMask = 2147483647;
			files = (
				6D61DE8E53AC034CBE92CA40 /* Pods_MahjongPractice.framework in Frameworks */,
				714252DE2707A24D001AE6F0 /* StoreKit.framework in Frameworks */,
			);
			runOnlyForDeploymentPostprocessing = 0;
		};
		714251AD27078626001AE6F0 /* Frameworks */ = {
			isa = PBXFrameworksBuildPhase;
			buildActionMask = 2147483647;
			files = (
				17F58E8EBC225DA100F4762B /* Pods_MahjongPracticeTests.framework in Frameworks */,
			);
			runOnlyForDeploymentPostprocessing = 0;
		};
		714251B727078626001AE6F0 /* Frameworks */ = {
			isa = PBXFrameworksBuildPhase;
			buildActionMask = 2147483647;
			files = (
				3CBCCF1CA8CFE7950CC42E71 /* Pods_MahjongPractice_MahjongPracticeUITests.framework in Frameworks */,
			);
			runOnlyForDeploymentPostprocessing = 0;
		};
/* End PBXFrameworksBuildPhase section */

/* Begin PBXGroup section */
		629453D785EC1CFB026F6EFB /* Pods */ = {
			isa = PBXGroup;
			children = (
				B3B66BE8F9ED207F6CA2AB29 /* Pods-MahjongPractice.debug.xcconfig */,
				8A035980D389C5C22DDD03CB /* Pods-MahjongPractice.release.xcconfig */,
				5709E3B66BCF2B32E7ACF1F9 /* Pods-MahjongPractice-MahjongPracticeUITests.debug.xcconfig */,
				41FE85C2C397AC47C2C352E0 /* Pods-MahjongPractice-MahjongPracticeUITests.release.xcconfig */,
				043FFB80DCB829C7FF631B55 /* Pods-MahjongPracticeTests.debug.xcconfig */,
				20B3ACE0F49E212BDA5BE028 /* Pods-MahjongPracticeTests.release.xcconfig */,
			);
			path = Pods;
			sourceTree = "<group>";
		};
		7142519127078624001AE6F0 = {
			isa = PBXGroup;
			children = (
				714252DF2707A70B001AE6F0 /* Configuration.storekit */,
				714252E02707A80B001AE6F0 /* StoreKitTestCertificate.cer */,
				7142519C27078624001AE6F0 /* MahjongPractice */,
				714251B327078626001AE6F0 /* MahjongPracticeTests */,
				714251BD27078626001AE6F0 /* MahjongPracticeUITests */,
				7142519B27078624001AE6F0 /* Products */,
				629453D785EC1CFB026F6EFB /* Pods */,
				BBEC37C0FD82046C1364A40F /* Frameworks */,
			);
			sourceTree = "<group>";
		};
		7142519B27078624001AE6F0 /* Products */ = {
			isa = PBXGroup;
			children = (
				7142519A27078624001AE6F0 /* MahjongPractice.app */,
				714251B027078626001AE6F0 /* MahjongPracticeTests.xctest */,
				714251BA27078626001AE6F0 /* MahjongPracticeUITests.xctest */,
			);
			name = Products;
			sourceTree = "<group>";
		};
		7142519C27078624001AE6F0 /* MahjongPractice */ = {
			isa = PBXGroup;
			children = (
				7142519D27078624001AE6F0 /* AppDelegate.swift */,
				714251A127078624001AE6F0 /* ViewController.swift */,
				714251A327078624001AE6F0 /* Main.storyboard */,
				714252E22708033A001AE6F0 /* LaunchScreen.storyboard */,
				714251A627078626001AE6F0 /* Assets.xcassets */,
				714251AB27078626001AE6F0 /* Info.plist */,
				714251CD27079FA4001AE6F0 /* Views */,
				714251CE27079FAD001AE6F0 /* Maj */,
				714252DA2707A0C9001AE6F0 /* Utils */,
				714251CF27079FB9001AE6F0 /* Images */,
			);
			path = MahjongPractice;
			sourceTree = "<group>";
		};
		714251B327078626001AE6F0 /* MahjongPracticeTests */ = {
			isa = PBXGroup;
			children = (
				714251B427078626001AE6F0 /* MahjongPracticeTests.swift */,
			);
			path = MahjongPracticeTests;
			sourceTree = "<group>";
		};
		714251BD27078626001AE6F0 /* MahjongPracticeUITests */ = {
			isa = PBXGroup;
			children = (
				714251BE27078626001AE6F0 /* MahjongPracticeUITests.swift */,
				714251C027078626001AE6F0 /* MahjongPracticeUITestsLaunchTests.swift */,
			);
			path = MahjongPracticeUITests;
			sourceTree = "<group>";
		};
		714251CD27079FA4001AE6F0 /* Views */ = {
			isa = PBXGroup;
			children = (
				714252C92707A04B001AE6F0 /* BotView.swift */,
				714252C52707A04B001AE6F0 /* CardView.swift */,
				714252CA2707A04B001AE6F0 /* DiscardTableView.swift */,
				714252CB2707A04B001AE6F0 /* HelpChapter.swift */,
				714252C72707A04B001AE6F0 /* HelpTableController.swift */,
				714252C62707A04B001AE6F0 /* NarrowViewController.swift */,
				714252C42707A04B001AE6F0 /* RevenueCat.swift */,
				714252C82707A04B001AE6F0 /* SettingsViewController.swift */,
				714252CC2707A04B001AE6F0 /* StatViewController.swift */,
				714252CD2707A04B001AE6F0 /* TileMatchView.swift */,
				714252CE2707A04B001AE6F0 /* ValidationView.swift */,
			);
			path = Views;
			sourceTree = "<group>";
		};
		714251CE27079FAD001AE6F0 /* Maj */ = {
			isa = PBXGroup;
			children = (
				714252AF2707A023001AE6F0 /* Card.swift */,
				714252A52707A023001AE6F0 /* Card2016.swift */,
				714252AA2707A023001AE6F0 /* Card2017.swift */,
				714252A62707A023001AE6F0 /* Card2018.swift */,
				714252A32707A023001AE6F0 /* Card2019.swift */,
				714252AB2707A023001AE6F0 /* Card2020.swift */,
				714252A42707A023001AE6F0 /* Card2021.swift */,
				714252A22707A023001AE6F0 /* Deck.swift */,
				714252AE2707A023001AE6F0 /* DiscardTable.swift */,
				714252AD2707A023001AE6F0 /* Hand.swift */,
				714252B12707A024001AE6F0 /* LetterPattern.swift */,
				714252A82707A023001AE6F0 /* Maj.swift */,
				714252A92707A023001AE6F0 /* Rack.swift */,
				714252B22707A024001AE6F0 /* Tile.swift */,
				714252A72707A023001AE6F0 /* TileIdListList.swift */,
				714252B02707A024001AE6F0 /* TileIdMapList.swift */,
				714252AC2707A023001AE6F0 /* TileMatches.swift */,
			);
			path = Maj;
			sourceTree = "<group>";
		};
		714251CF27079FB9001AE6F0 /* Images */ = {
			isa = PBXGroup;
			children = (
				7142522B27079FEC001AE6F0 /* 1bam.png */,
				714251D327079FE5001AE6F0 /* 1bamnew.png */,
				714251E727079FE7001AE6F0 /* 1crak.png */,
				7142523227079FEC001AE6F0 /* 1craknew.png */,
				7142521D27079FEB001AE6F0 /* 1dot.png */,
				7142522027079FEB001AE6F0 /* 1dotnew.png */,
				7142523827079FED001AE6F0 /* 2bam.png */,
				714251F327079FE8001AE6F0 /* 2bamnew.png */,
				714251E627079FE7001AE6F0 /* 2crak.png */,
				7142522527079FEC001AE6F0 /* 2craknew.png */,
				714251FC27079FE8001AE6F0 /* 2dot.png */,
				7142522327079FEB001AE6F0 /* 2dotnew.png */,
				7142522C27079FEC001AE6F0 /* 3bam.png */,
				714251DC27079FE6001AE6F0 /* 3bamnew.png */,
				714251F827079FE8001AE6F0 /* 3crak.png */,
				714251D727079FE6001AE6F0 /* 3craknew.png */,
				7142520827079FE9001AE6F0 /* 3dot.png */,
				7142521027079FEA001AE6F0 /* 3dotnew.png */,
				7142521B27079FEB001AE6F0 /* 4bam.png */,
				714251D027079FE5001AE6F0 /* 4bamnew.png */,
				714251E527079FE7001AE6F0 /* 4crak.png */,
				7142523027079FEC001AE6F0 /* 4craknew.png */,
				714251F627079FE8001AE6F0 /* 4dot.png */,
				7142520927079FEA001AE6F0 /* 4dotnew.png */,
				714251D627079FE6001AE6F0 /* 5bam.png */,
				714251DD27079FE6001AE6F0 /* 5bamnew.png */,
				714251E027079FE6001AE6F0 /* 5crak.png */,
				714251DB27079FE6001AE6F0 /* 5craknew.png */,
				7142522227079FEB001AE6F0 /* 5dot.png */,
				7142520227079FE9001AE6F0 /* 5dotnew.png */,
				7142522F27079FEC001AE6F0 /* 6bam.png */,
				714251EC27079FE7001AE6F0 /* 6bamnew.png */,
				714251F527079FE8001AE6F0 /* 6crak.png */,
				714251EB27079FE7001AE6F0 /* 6craknew.png */,
				714251D527079FE6001AE6F0 /* 6dot.png */,
				7142520D27079FEA001AE6F0 /* 6dotnew.png */,
				7142522627079FEC001AE6F0 /* 7bam.png */,
				7142521627079FEA001AE6F0 /* 7bamnew.png */,
				714251FF27079FE9001AE6F0 /* 7crak.png */,
				714251F727079FE8001AE6F0 /* 7craknew.png */,
				7142520F27079FEA001AE6F0 /* 7dot.png */,
				7142521C27079FEB001AE6F0 /* 7dotnew.png */,
				714251EA27079FE7001AE6F0 /* 8bam.png */,
				7142520E27079FEA001AE6F0 /* 8bamlogo.png */,
				7142521527079FEA001AE6F0 /* 8bamnew.png */,
				7142521727079FEB001AE6F0 /* 8crak.png */,
				7142523527079FED001AE6F0 /* 8craknew.png */,
				7142520B27079FEA001AE6F0 /* 8dot.png */,
				7142521427079FEA001AE6F0 /* 8dotnew.png */,
				7142521227079FEA001AE6F0 /* 9bam.png */,
				714251E427079FE7001AE6F0 /* 9bamnew.png */,
				7142522A27079FEC001AE6F0 /* 9crak.png */,
				714251E227079FE6001AE6F0 /* 9craknew.png */,
				714251E127079FE6001AE6F0 /* 9dot.png */,
				714251F027079FE7001AE6F0 /* 9dotnew.png */,
				7142522D27079FEC001AE6F0 /* arrow_down.png */,
				7142522E27079FEC001AE6F0 /* arrow_right.png */,
				714251F427079FE8001AE6F0 /* aut.png */,
				7142521827079FEB001AE6F0 /* blind2.png */,
				7142523727079FED001AE6F0 /* blind3.png */,
				7142520527079FE9001AE6F0 /* bots1.png */,
				7142523327079FED001AE6F0 /* bots2.png */,
				714251E327079FE6001AE6F0 /* call11.png */,
				7142520427079FE9001AE6F0 /* call12.png */,
				7142522127079FEB001AE6F0 /* call13.png */,
				7142522727079FEC001AE6F0 /* charles11.png */,
				7142520327079FE9001AE6F0 /* charles12.png */,
				7142521E27079FEB001AE6F0 /* charles13.png */,
				7142520C27079FEA001AE6F0 /* charles14.png */,
				7142520627079FE9001AE6F0 /* counters12.png */,
				714251DE27079FE6001AE6F0 /* declaremahjong.png */,
				7142523627079FED001AE6F0 /* draw1.png */,
				714251EE27079FE7001AE6F0 /* draw2.png */,
				7142522427079FEC001AE6F0 /* draw3.png */,
				714251E927079FE7001AE6F0 /* draw4.png */,
				714251EF27079FE7001AE6F0 /* east.png */,
				714251ED27079FE7001AE6F0 /* eastnew.png */,
				714251E827079FE7001AE6F0 /* f1.png */,
				714251D827079FE6001AE6F0 /* f2.png */,
				714251F127079FE7001AE6F0 /* f3.png */,
				714251FB27079FE8001AE6F0 /* f4.png */,
				714251FD27079FE8001AE6F0 /* flowernew.png */,
				7142521F27079FEB001AE6F0 /* green.png */,
				7142520027079FE9001AE6F0 /* iconfinder_circle-02_600789.png */,
				714252E427080ACE001AE6F0 /* iconfinder_circle-26_600774.png */,
				7142520127079FE9001AE6F0 /* joker.png */,
				7142521127079FEA001AE6F0 /* north.png */,
				714251F927079FE8001AE6F0 /* northnew.png */,
				714251F227079FE8001AE6F0 /* play11.png */,
				7142520A27079FEA001AE6F0 /* play12.png */,
				7142520727079FE9001AE6F0 /* play13.png */,
				714251D127079FE5001AE6F0 /* red.png */,
				712AEB802745D8AD006C8D4B /* redAlt.png */,
				7142521A27079FEB001AE6F0 /* sideButtonInfo.png */,
				7142523427079FED001AE6F0 /* sideButtonPlay.png */,
				714251DF27079FE6001AE6F0 /* sideButtonSettings.png */,
				714251FE27079FE9001AE6F0 /* soap.png */,
				7142521927079FEB001AE6F0 /* sort1.png */,
				714251D927079FE6001AE6F0 /* sort2.png */,
				7142521327079FEA001AE6F0 /* south.png */,
				7142522827079FEC001AE6F0 /* southnew.png */,
				714251DA27079FE6001AE6F0 /* spr.png */,
				714251D427079FE5001AE6F0 /* sum.png */,
				7142523127079FEC001AE6F0 /* TRANS-ICON-WHITE.png */,
				714251D227079FE5001AE6F0 /* west.png */,
				7142522927079FEC001AE6F0 /* westnew.png */,
				714251FA27079FE8001AE6F0 /* win.png */,
			);
			path = Images;
			sourceTree = "<group>";
		};
		714252DA2707A0C9001AE6F0 /* Utils */ = {
			isa = PBXGroup;
			children = (
				714252DB2707A0FF001AE6F0 /* IAPHelper.swift */,
			);
			path = Utils;
			sourceTree = "<group>";
		};
		BBEC37C0FD82046C1364A40F /* Frameworks */ = {
			isa = PBXGroup;
			children = (
				714252DD2707A24D001AE6F0 /* StoreKit.framework */,
				5207B81F59BE7F62510E662B /* Pods_MahjongPractice.framework */,
				A668A2FB6B118FAF6D0F3252 /* Pods_MahjongPractice_MahjongPracticeUITests.framework */,
				5FF6196C5BB18EFFE44E83B6 /* Pods_MahjongPracticeTests.framework */,
			);
			name = Frameworks;
			sourceTree = "<group>";
		};
/* End PBXGroup section */

/* Begin PBXNativeTarget section */
		7142519927078624001AE6F0 /* MahjongPractice */ = {
			isa = PBXNativeTarget;
			buildConfigurationList = 714251C427078626001AE6F0 /* Build configuration list for PBXNativeTarget "MahjongPractice" */;
			buildPhases = (
				AC506E46BB536A74C3D429B9 /* [CP] Check Pods Manifest.lock */,
				7142519627078624001AE6F0 /* Sources */,
				7142519727078624001AE6F0 /* Frameworks */,
				7142519827078624001AE6F0 /* Resources */,
				53310D71A0DD734EC2F982D5 /* [CP] Embed Pods Frameworks */,
			);
			buildRules = (
			);
			dependencies = (
			);
			name = MahjongPractice;
			productName = MahjongPractice;
			productReference = 7142519A27078624001AE6F0 /* MahjongPractice.app */;
			productType = "com.apple.product-type.application";
		};
		714251AF27078626001AE6F0 /* MahjongPracticeTests */ = {
			isa = PBXNativeTarget;
			buildConfigurationList = 714251C727078626001AE6F0 /* Build configuration list for PBXNativeTarget "MahjongPracticeTests" */;
			buildPhases = (
				F906F01A1EB13582DDC77D6C /* [CP] Check Pods Manifest.lock */,
				714251AC27078626001AE6F0 /* Sources */,
				714251AD27078626001AE6F0 /* Frameworks */,
				714251AE27078626001AE6F0 /* Resources */,
			);
			buildRules = (
			);
			dependencies = (
				714251B227078626001AE6F0 /* PBXTargetDependency */,
			);
			name = MahjongPracticeTests;
			productName = MahjongPracticeTests;
			productReference = 714251B027078626001AE6F0 /* MahjongPracticeTests.xctest */;
			productType = "com.apple.product-type.bundle.unit-test";
		};
		714251B927078626001AE6F0 /* MahjongPracticeUITests */ = {
			isa = PBXNativeTarget;
			buildConfigurationList = 714251CA27078626001AE6F0 /* Build configuration list for PBXNativeTarget "MahjongPracticeUITests" */;
			buildPhases = (
				4ECF187A1D6185AAFC038AA6 /* [CP] Check Pods Manifest.lock */,
				714251B627078626001AE6F0 /* Sources */,
				714251B727078626001AE6F0 /* Frameworks */,
				714251B827078626001AE6F0 /* Resources */,
				855EB2D688959BE572251A5A /* [CP] Embed Pods Frameworks */,
			);
			buildRules = (
			);
			dependencies = (
				714251BC27078626001AE6F0 /* PBXTargetDependency */,
			);
			name = MahjongPracticeUITests;
			productName = MahjongPracticeUITests;
			productReference = 714251BA27078626001AE6F0 /* MahjongPracticeUITests.xctest */;
			productType = "com.apple.product-type.bundle.ui-testing";
		};
/* End PBXNativeTarget section */

/* Begin PBXProject section */
		7142519227078624001AE6F0 /* Project object */ = {
			isa = PBXProject;
			attributes = {
				BuildIndependentTargetsInParallel = 1;
				LastSwiftUpdateCheck = 1300;
				LastUpgradeCheck = 1300;
				TargetAttributes = {
					7142519927078624001AE6F0 = {
						CreatedOnToolsVersion = 13.0;
					};
					714251AF27078626001AE6F0 = {
						CreatedOnToolsVersion = 13.0;
						TestTargetID = 7142519927078624001AE6F0;
					};
					714251B927078626001AE6F0 = {
						CreatedOnToolsVersion = 13.0;
						TestTargetID = 7142519927078624001AE6F0;
					};
				};
			};
			buildConfigurationList = 7142519527078624001AE6F0 /* Build configuration list for PBXProject "MahjongPractice" */;
			compatibilityVersion = "Xcode 13.0";
			developmentRegion = en;
			hasScannedForEncodings = 0;
			knownRegions = (
				en,
				Base,
			);
			mainGroup = 7142519127078624001AE6F0;
			productRefGroup = 7142519B27078624001AE6F0 /* Products */;
			projectDirPath = "";
			projectRoot = "";
			targets = (
				7142519927078624001AE6F0 /* MahjongPractice */,
				714251AF27078626001AE6F0 /* MahjongPracticeTests */,
				714251B927078626001AE6F0 /* MahjongPracticeUITests */,
			);
		};
/* End PBXProject section */

/* Begin PBXResourcesBuildPhase section */
		7142519827078624001AE6F0 /* Resources */ = {
			isa = PBXResourcesBuildPhase;
			buildActionMask = 2147483647;
			files = (
				7142527A27079FED001AE6F0 /* north.png in Resources */,
				7142527727079FED001AE6F0 /* 8bamlogo.png in Resources */,
				7142523E27079FED001AE6F0 /* 6dot.png in Resources */,
				7142527927079FED001AE6F0 /* 3dotnew.png in Resources */,
				7142528127079FED001AE6F0 /* blind2.png in Resources */,
				7142528D27079FED001AE6F0 /* draw3.png in Resources */,
				7142524327079FED001AE6F0 /* spr.png in Resources */,
				7142528527079FED001AE6F0 /* 7dotnew.png in Resources */,
				7142526227079FED001AE6F0 /* northnew.png in Resources */,
				7142529A27079FED001AE6F0 /* TRANS-ICON-WHITE.png in Resources */,
				7142529227079FED001AE6F0 /* westnew.png in Resources */,
				7142523927079FED001AE6F0 /* 4bamnew.png in Resources */,
				7142523F27079FED001AE6F0 /* 5bam.png in Resources */,
				7142523C27079FED001AE6F0 /* 1bamnew.png in Resources */,
				7142529C27079FED001AE6F0 /* bots2.png in Resources */,
				714252A027079FED001AE6F0 /* blind3.png in Resources */,
				7142527527079FED001AE6F0 /* charles14.png in Resources */,
				7142526827079FED001AE6F0 /* 7crak.png in Resources */,
				7142525227079FED001AE6F0 /* draw4.png in Resources */,
				7142524E27079FED001AE6F0 /* 4crak.png in Resources */,
				7142529D27079FED001AE6F0 /* sideButtonPlay.png in Resources */,
				7142524127079FED001AE6F0 /* f2.png in Resources */,
				7142527227079FED001AE6F0 /* 4dotnew.png in Resources */,
				714252E12707A80B001AE6F0 /* StoreKitTestCertificate.cer in Resources */,
				7142525C27079FED001AE6F0 /* 2bamnew.png in Resources */,
				7142525127079FED001AE6F0 /* f1.png in Resources */,
				7142523B27079FED001AE6F0 /* west.png in Resources */,
				7142524427079FED001AE6F0 /* 5craknew.png in Resources */,
				7142526627079FED001AE6F0 /* flowernew.png in Resources */,
				7142526927079FED001AE6F0 /* iconfinder_circle-02_600789.png in Resources */,
				7142529027079FED001AE6F0 /* charles11.png in Resources */,
				7142529827079FED001AE6F0 /* 6bam.png in Resources */,
				7142524D27079FED001AE6F0 /* 9bamnew.png in Resources */,
				7142526727079FED001AE6F0 /* soap.png in Resources */,
				7142527327079FED001AE6F0 /* play12.png in Resources */,
				7142529E27079FED001AE6F0 /* 8craknew.png in Resources */,
				7142529727079FED001AE6F0 /* arrow_right.png in Resources */,
				7142529527079FED001AE6F0 /* 3bam.png in Resources */,
				7142524027079FED001AE6F0 /* 3craknew.png in Resources */,
				712AEB812745D8AE006C8D4B /* redAlt.png in Resources */,
				7142527E27079FED001AE6F0 /* 8bamnew.png in Resources */,
				7142525E27079FED001AE6F0 /* 6crak.png in Resources */,
				7142526F27079FED001AE6F0 /* counters12.png in Resources */,
				7142528027079FED001AE6F0 /* 8crak.png in Resources */,
				7142526127079FED001AE6F0 /* 3crak.png in Resources */,
				7142526B27079FED001AE6F0 /* 5dotnew.png in Resources */,
				7142527027079FED001AE6F0 /* play13.png in Resources */,
				7142525527079FED001AE6F0 /* 6bamnew.png in Resources */,
				7142526A27079FED001AE6F0 /* joker.png in Resources */,
				7142524227079FED001AE6F0 /* sort2.png in Resources */,
				7142527827079FED001AE6F0 /* 7dot.png in Resources */,
				7142524B27079FED001AE6F0 /* 9craknew.png in Resources */,
				7142528E27079FED001AE6F0 /* 2craknew.png in Resources */,
				7142524527079FED001AE6F0 /* 3bamnew.png in Resources */,
				7142528B27079FED001AE6F0 /* 5dot.png in Resources */,
				7142524827079FED001AE6F0 /* sideButtonSettings.png in Resources */,
				7142526027079FED001AE6F0 /* 7craknew.png in Resources */,
				7142528427079FED001AE6F0 /* 4bam.png in Resources */,
				714251A727078626001AE6F0 /* Assets.xcassets in Resources */,
				7142525027079FED001AE6F0 /* 1crak.png in Resources */,
				7142529927079FED001AE6F0 /* 4craknew.png in Resources */,
				7142528727079FED001AE6F0 /* charles13.png in Resources */,
				7142527427079FED001AE6F0 /* 8dot.png in Resources */,
				714252E527080ACE001AE6F0 /* iconfinder_circle-26_600774.png in Resources */,
				7142527B27079FED001AE6F0 /* 9bam.png in Resources */,
				7142526E27079FED001AE6F0 /* bots1.png in Resources */,
				7142523A27079FED001AE6F0 /* red.png in Resources */,
				7142526427079FED001AE6F0 /* f4.png in Resources */,
				7142525F27079FED001AE6F0 /* 4dot.png in Resources */,
				7142527D27079FED001AE6F0 /* 8dotnew.png in Resources */,
				7142526C27079FED001AE6F0 /* charles12.png in Resources */,
				7142528C27079FED001AE6F0 /* 2dotnew.png in Resources */,
				7142528627079FED001AE6F0 /* 1dot.png in Resources */,
				714251A527078624001AE6F0 /* Main.storyboard in Resources */,
				7142525427079FED001AE6F0 /* 6craknew.png in Resources */,
				7142529327079FED001AE6F0 /* 9crak.png in Resources */,
				7142525927079FED001AE6F0 /* 9dotnew.png in Resources */,
				7142528827079FED001AE6F0 /* green.png in Resources */,
				7142529427079FED001AE6F0 /* 1bam.png in Resources */,
				7142524F27079FED001AE6F0 /* 2crak.png in Resources */,
				7142524C27079FED001AE6F0 /* call11.png in Resources */,
				7142527F27079FED001AE6F0 /* 7bamnew.png in Resources */,
				7142529127079FED001AE6F0 /* southnew.png in Resources */,
				714252A127079FED001AE6F0 /* 2bam.png in Resources */,
				7142527C27079FED001AE6F0 /* south.png in Resources */,
				7142529F27079FED001AE6F0 /* draw1.png in Resources */,
				7142525D27079FED001AE6F0 /* aut.png in Resources */,
				7142525827079FED001AE6F0 /* east.png in Resources */,
				7142526527079FED001AE6F0 /* 2dot.png in Resources */,
				7142524727079FED001AE6F0 /* declaremahjong.png in Resources */,
				7142528F27079FED001AE6F0 /* 7bam.png in Resources */,
				7142528927079FED001AE6F0 /* 1dotnew.png in Resources */,
				7142528A27079FED001AE6F0 /* call13.png in Resources */,
				7142524627079FED001AE6F0 /* 5bamnew.png in Resources */,
				7142528227079FED001AE6F0 /* sort1.png in Resources */,
				7142524A27079FED001AE6F0 /* 9dot.png in Resources */,
				714252E32708033A001AE6F0 /* LaunchScreen.storyboard in Resources */,
				7142529627079FED001AE6F0 /* arrow_down.png in Resources */,
				7142525327079FED001AE6F0 /* 8bam.png in Resources */,
				7142525727079FED001AE6F0 /* draw2.png in Resources */,
				7142526327079FED001AE6F0 /* win.png in Resources */,
				7142525B27079FED001AE6F0 /* play11.png in Resources */,
				7142527627079FED001AE6F0 /* 6dotnew.png in Resources */,
				7142524927079FED001AE6F0 /* 5crak.png in Resources */,
				7142526D27079FED001AE6F0 /* call12.png in Resources */,
				7142525A27079FED001AE6F0 /* f3.png in Resources */,
				7142529B27079FED001AE6F0 /* 1craknew.png in Resources */,
				7142527127079FED001AE6F0 /* 3dot.png in Resources */,
				7142523D27079FED001AE6F0 /* sum.png in Resources */,
				7142528327079FED001AE6F0 /* sideButtonInfo.png in Resources */,
				7142525627079FED001AE6F0 /* eastnew.png in Resources */,
			);
			runOnlyForDeploymentPostprocessing = 0;
		};
		714251AE27078626001AE6F0 /* Resources */ = {
			isa = PBXResourcesBuildPhase;
			buildActionMask = 2147483647;
			files = (
			);
			runOnlyForDeploymentPostprocessing = 0;
		};
		714251B827078626001AE6F0 /* Resources */ = {
			isa = PBXResourcesBuildPhase;
			buildActionMask = 2147483647;
			files = (
			);
			runOnlyForDeploymentPostprocessing = 0;
		};
/* End PBXResourcesBuildPhase section */

/* Begin PBXShellScriptBuildPhase section */
		4ECF187A1D6185AAFC038AA6 /* [CP] Check Pods Manifest.lock */ = {
			isa = PBXShellScriptBuildPhase;
			buildActionMask = 2147483647;
			files = (
			);
			inputFileListPaths = (
			);
			inputPaths = (
				"${PODS_PODFILE_DIR_PATH}/Podfile.lock",
				"${PODS_ROOT}/Manifest.lock",
			);
			name = "[CP] Check Pods Manifest.lock";
			outputFileListPaths = (
			);
			outputPaths = (
				"$(DERIVED_FILE_DIR)/Pods-MahjongPractice-MahjongPracticeUITests-checkManifestLockResult.txt",
			);
			runOnlyForDeploymentPostprocessing = 0;
			shellPath = /bin/sh;
			shellScript = "diff \"${PODS_PODFILE_DIR_PATH}/Podfile.lock\" \"${PODS_ROOT}/Manifest.lock\" > /dev/null\nif [ $? != 0 ] ; then\n    # print error to STDERR\n    echo \"error: The sandbox is not in sync with the Podfile.lock. Run 'pod install' or update your CocoaPods installation.\" >&2\n    exit 1\nfi\n# This output is used by Xcode 'outputs' to avoid re-running this script phase.\necho \"SUCCESS\" > \"${SCRIPT_OUTPUT_FILE_0}\"\n";
			showEnvVarsInLog = 0;
		};
		53310D71A0DD734EC2F982D5 /* [CP] Embed Pods Frameworks */ = {
			isa = PBXShellScriptBuildPhase;
			buildActionMask = 2147483647;
			files = (
			);
			inputFileListPaths = (
				"${PODS_ROOT}/Target Support Files/Pods-MahjongPractice/Pods-MahjongPractice-frameworks-${CONFIGURATION}-input-files.xcfilelist",
			);
			name = "[CP] Embed Pods Frameworks";
			outputFileListPaths = (
				"${PODS_ROOT}/Target Support Files/Pods-MahjongPractice/Pods-MahjongPractice-frameworks-${CONFIGURATION}-output-files.xcfilelist",
			);
			runOnlyForDeploymentPostprocessing = 0;
			shellPath = /bin/sh;
			shellScript = "\"${PODS_ROOT}/Target Support Files/Pods-MahjongPractice/Pods-MahjongPractice-frameworks.sh\"\n";
			showEnvVarsInLog = 0;
		};
		855EB2D688959BE572251A5A /* [CP] Embed Pods Frameworks */ = {
			isa = PBXShellScriptBuildPhase;
			buildActionMask = 2147483647;
			files = (
			);
			inputFileListPaths = (
				"${PODS_ROOT}/Target Support Files/Pods-MahjongPractice-MahjongPracticeUITests/Pods-MahjongPractice-MahjongPracticeUITests-frameworks-${CONFIGURATION}-input-files.xcfilelist",
			);
			name = "[CP] Embed Pods Frameworks";
			outputFileListPaths = (
				"${PODS_ROOT}/Target Support Files/Pods-MahjongPractice-MahjongPracticeUITests/Pods-MahjongPractice-MahjongPracticeUITests-frameworks-${CONFIGURATION}-output-files.xcfilelist",
			);
			runOnlyForDeploymentPostprocessing = 0;
			shellPath = /bin/sh;
			shellScript = "\"${PODS_ROOT}/Target Support Files/Pods-MahjongPractice-MahjongPracticeUITests/Pods-MahjongPractice-MahjongPracticeUITests-frameworks.sh\"\n";
			showEnvVarsInLog = 0;
		};
		AC506E46BB536A74C3D429B9 /* [CP] Check Pods Manifest.lock */ = {
			isa = PBXShellScriptBuildPhase;
			buildActionMask = 2147483647;
			files = (
			);
			inputFileListPaths = (
			);
			inputPaths = (
				"${PODS_PODFILE_DIR_PATH}/Podfile.lock",
				"${PODS_ROOT}/Manifest.lock",
			);
			name = "[CP] Check Pods Manifest.lock";
			outputFileListPaths = (
			);
			outputPaths = (
				"$(DERIVED_FILE_DIR)/Pods-MahjongPractice-checkManifestLockResult.txt",
			);
			runOnlyForDeploymentPostprocessing = 0;
			shellPath = /bin/sh;
			shellScript = "diff \"${PODS_PODFILE_DIR_PATH}/Podfile.lock\" \"${PODS_ROOT}/Manifest.lock\" > /dev/null\nif [ $? != 0 ] ; then\n    # print error to STDERR\n    echo \"error: The sandbox is not in sync with the Podfile.lock. Run 'pod install' or update your CocoaPods installation.\" >&2\n    exit 1\nfi\n# This output is used by Xcode 'outputs' to avoid re-running this script phase.\necho \"SUCCESS\" > \"${SCRIPT_OUTPUT_FILE_0}\"\n";
			showEnvVarsInLog = 0;
		};
		F906F01A1EB13582DDC77D6C /* [CP] Check Pods Manifest.lock */ = {
			isa = PBXShellScriptBuildPhase;
			buildActionMask = 2147483647;
			files = (
			);
			inputFileListPaths = (
			);
			inputPaths = (
				"${PODS_PODFILE_DIR_PATH}/Podfile.lock",
				"${PODS_ROOT}/Manifest.lock",
			);
			name = "[CP] Check Pods Manifest.lock";
			outputFileListPaths = (
			);
			outputPaths = (
				"$(DERIVED_FILE_DIR)/Pods-MahjongPracticeTests-checkManifestLockResult.txt",
			);
			runOnlyForDeploymentPostprocessing = 0;
			shellPath = /bin/sh;
			shellScript = "diff \"${PODS_PODFILE_DIR_PATH}/Podfile.lock\" \"${PODS_ROOT}/Manifest.lock\" > /dev/null\nif [ $? != 0 ] ; then\n    # print error to STDERR\n    echo \"error: The sandbox is not in sync with the Podfile.lock. Run 'pod install' or update your CocoaPods installation.\" >&2\n    exit 1\nfi\n# This output is used by Xcode 'outputs' to avoid re-running this script phase.\necho \"SUCCESS\" > \"${SCRIPT_OUTPUT_FILE_0}\"\n";
			showEnvVarsInLog = 0;
		};
/* End PBXShellScriptBuildPhase section */

/* Begin PBXSourcesBuildPhase section */
		7142519627078624001AE6F0 /* Sources */ = {
			isa = PBXSourcesBuildPhase;
			buildActionMask = 2147483647;
			files = (
				714252B32707A024001AE6F0 /* Deck.swift in Sources */,
				714252D42707A04C001AE6F0 /* BotView.swift in Sources */,
				714252D72707A04C001AE6F0 /* StatViewController.swift in Sources */,
				714252C32707A024001AE6F0 /* Tile.swift in Sources */,
				714252BD2707A024001AE6F0 /* TileMatches.swift in Sources */,
				714251A227078624001AE6F0 /* ViewController.swift in Sources */,
				714252B82707A024001AE6F0 /* TileIdListList.swift in Sources */,
				714252C22707A024001AE6F0 /* LetterPattern.swift in Sources */,
				714252BE2707A024001AE6F0 /* Hand.swift in Sources */,
				714252D02707A04B001AE6F0 /* CardView.swift in Sources */,
				714252D62707A04C001AE6F0 /* HelpChapter.swift in Sources */,
				714252C12707A024001AE6F0 /* TileIdMapList.swift in Sources */,
				714252BC2707A024001AE6F0 /* Card2020.swift in Sources */,
				7142519E27078624001AE6F0 /* AppDelegate.swift in Sources */,
				714252D52707A04C001AE6F0 /* DiscardTableView.swift in Sources */,
				714252D82707A04C001AE6F0 /* TileMatchView.swift in Sources */,
				714252DC2707A0FF001AE6F0 /* IAPHelper.swift in Sources */,
				714252BA2707A024001AE6F0 /* Rack.swift in Sources */,
				714252BF2707A024001AE6F0 /* DiscardTable.swift in Sources */,
				714252B72707A024001AE6F0 /* Card2018.swift in Sources */,
				714252CF2707A04B001AE6F0 /* RevenueCat.swift in Sources */,
				714252B52707A024001AE6F0 /* Card2021.swift in Sources */,
				714252D22707A04C001AE6F0 /* HelpTableController.swift in Sources */,
				714252BB2707A024001AE6F0 /* Card2017.swift in Sources */,
				714252D12707A04B001AE6F0 /* NarrowViewController.swift in Sources */,
				714252B62707A024001AE6F0 /* Card2016.swift in Sources */,
				714252B92707A024001AE6F0 /* Maj.swift in Sources */,
				714252B42707A024001AE6F0 /* Card2019.swift in Sources */,
				714252D92707A04C001AE6F0 /* ValidationView.swift in Sources */,
				714252C02707A024001AE6F0 /* Card.swift in Sources */,
				714252D32707A04C001AE6F0 /* SettingsViewController.swift in Sources */,
			);
			runOnlyForDeploymentPostprocessing = 0;
		};
		714251AC27078626001AE6F0 /* Sources */ = {
			isa = PBXSourcesBuildPhase;
			buildActionMask = 2147483647;
			files = (
				714251B527078626001AE6F0 /* MahjongPracticeTests.swift in Sources */,
			);
			runOnlyForDeploymentPostprocessing = 0;
		};
		714251B627078626001AE6F0 /* Sources */ = {
			isa = PBXSourcesBuildPhase;
			buildActionMask = 2147483647;
			files = (
				714251C127078626001AE6F0 /* MahjongPracticeUITestsLaunchTests.swift in Sources */,
				714251BF27078626001AE6F0 /* MahjongPracticeUITests.swift in Sources */,
			);
			runOnlyForDeploymentPostprocessing = 0;
		};
/* End PBXSourcesBuildPhase section */

/* Begin PBXTargetDependency section */
		714251B227078626001AE6F0 /* PBXTargetDependency */ = {
			isa = PBXTargetDependency;
			target = 7142519927078624001AE6F0 /* MahjongPractice */;
			targetProxy = 714251B127078626001AE6F0 /* PBXContainerItemProxy */;
		};
		714251BC27078626001AE6F0 /* PBXTargetDependency */ = {
			isa = PBXTargetDependency;
			target = 7142519927078624001AE6F0 /* MahjongPractice */;
			targetProxy = 714251BB27078626001AE6F0 /* PBXContainerItemProxy */;
		};
/* End PBXTargetDependency section */

/* Begin PBXVariantGroup section */
		714251A327078624001AE6F0 /* Main.storyboard */ = {
			isa = PBXVariantGroup;
			children = (
				714251A427078624001AE6F0 /* Base */,
			);
			name = Main.storyboard;
			sourceTree = "<group>";
		};
/* End PBXVariantGroup section */

/* Begin XCBuildConfiguration section */
		714251C227078626001AE6F0 /* Debug */ = {
			isa = XCBuildConfiguration;
			buildSettings = {
				ALWAYS_SEARCH_USER_PATHS = NO;
				CLANG_ANALYZER_NONNULL = YES;
				CLANG_ANALYZER_NUMBER_OBJECT_CONVERSION = YES_AGGRESSIVE;
				CLANG_CXX_LANGUAGE_STANDARD = "gnu++17";
				CLANG_CXX_LIBRARY = "libc++";
				CLANG_ENABLE_MODULES = YES;
				CLANG_ENABLE_OBJC_ARC = YES;
				CLANG_ENABLE_OBJC_WEAK = YES;
				CLANG_WARN_BLOCK_CAPTURE_AUTORELEASING = YES;
				CLANG_WARN_BOOL_CONVERSION = YES;
				CLANG_WARN_COMMA = YES;
				CLANG_WARN_CONSTANT_CONVERSION = YES;
				CLANG_WARN_DEPRECATED_OBJC_IMPLEMENTATIONS = YES;
				CLANG_WARN_DIRECT_OBJC_ISA_USAGE = YES_ERROR;
				CLANG_WARN_DOCUMENTATION_COMMENTS = YES;
				CLANG_WARN_EMPTY_BODY = YES;
				CLANG_WARN_ENUM_CONVERSION = YES;
				CLANG_WARN_INFINITE_RECURSION = YES;
				CLANG_WARN_INT_CONVERSION = YES;
				CLANG_WARN_NON_LITERAL_NULL_CONVERSION = YES;
				CLANG_WARN_OBJC_IMPLICIT_RETAIN_SELF = YES;
				CLANG_WARN_OBJC_LITERAL_CONVERSION = YES;
				CLANG_WARN_OBJC_ROOT_CLASS = YES_ERROR;
				CLANG_WARN_QUOTED_INCLUDE_IN_FRAMEWORK_HEADER = YES;
				CLANG_WARN_RANGE_LOOP_ANALYSIS = YES;
				CLANG_WARN_STRICT_PROTOTYPES = YES;
				CLANG_WARN_SUSPICIOUS_MOVE = YES;
				CLANG_WARN_UNGUARDED_AVAILABILITY = YES_AGGRESSIVE;
				CLANG_WARN_UNREACHABLE_CODE = YES;
				CLANG_WARN__DUPLICATE_METHOD_MATCH = YES;
				COPY_PHASE_STRIP = NO;
				DEBUG_INFORMATION_FORMAT = dwarf;
				ENABLE_STRICT_OBJC_MSGSEND = YES;
				ENABLE_TESTABILITY = YES;
				GCC_C_LANGUAGE_STANDARD = gnu11;
				GCC_DYNAMIC_NO_PIC = NO;
				GCC_NO_COMMON_BLOCKS = YES;
				GCC_OPTIMIZATION_LEVEL = 0;
				GCC_PREPROCESSOR_DEFINITIONS = (
					"DEBUG=1",
					"$(inherited)",
				);
				GCC_WARN_64_TO_32_BIT_CONVERSION = YES;
				GCC_WARN_ABOUT_RETURN_TYPE = YES_ERROR;
				GCC_WARN_UNDECLARED_SELECTOR = YES;
				GCC_WARN_UNINITIALIZED_AUTOS = YES_AGGRESSIVE;
				GCC_WARN_UNUSED_FUNCTION = YES;
				GCC_WARN_UNUSED_VARIABLE = YES;
				IPHONEOS_DEPLOYMENT_TARGET = 15.0;
				MTL_ENABLE_DEBUG_INFO = INCLUDE_SOURCE;
				MTL_FAST_MATH = YES;
				ONLY_ACTIVE_ARCH = YES;
				SDKROOT = iphoneos;
				SWIFT_ACTIVE_COMPILATION_CONDITIONS = DEBUG;
				SWIFT_OPTIMIZATION_LEVEL = "-Onone";
			};
			name = Debug;
		};
		714251C327078626001AE6F0 /* Release */ = {
			isa = XCBuildConfiguration;
			buildSettings = {
				ALWAYS_SEARCH_USER_PATHS = NO;
				CLANG_ANALYZER_NONNULL = YES;
				CLANG_ANALYZER_NUMBER_OBJECT_CONVERSION = YES_AGGRESSIVE;
				CLANG_CXX_LANGUAGE_STANDARD = "gnu++17";
				CLANG_CXX_LIBRARY = "libc++";
				CLANG_ENABLE_MODULES = YES;
				CLANG_ENABLE_OBJC_ARC = YES;
				CLANG_ENABLE_OBJC_WEAK = YES;
				CLANG_WARN_BLOCK_CAPTURE_AUTORELEASING = YES;
				CLANG_WARN_BOOL_CONVERSION = YES;
				CLANG_WARN_COMMA = YES;
				CLANG_WARN_CONSTANT_CONVERSION = YES;
				CLANG_WARN_DEPRECATED_OBJC_IMPLEMENTATIONS = YES;
				CLANG_WARN_DIRECT_OBJC_ISA_USAGE = YES_ERROR;
				CLANG_WARN_DOCUMENTATION_COMMENTS = YES;
				CLANG_WARN_EMPTY_BODY = YES;
				CLANG_WARN_ENUM_CONVERSION = YES;
				CLANG_WARN_INFINITE_RECURSION = YES;
				CLANG_WARN_INT_CONVERSION = YES;
				CLANG_WARN_NON_LITERAL_NULL_CONVERSION = YES;
				CLANG_WARN_OBJC_IMPLICIT_RETAIN_SELF = YES;
				CLANG_WARN_OBJC_LITERAL_CONVERSION = YES;
				CLANG_WARN_OBJC_ROOT_CLASS = YES_ERROR;
				CLANG_WARN_QUOTED_INCLUDE_IN_FRAMEWORK_HEADER = YES;
				CLANG_WARN_RANGE_LOOP_ANALYSIS = YES;
				CLANG_WARN_STRICT_PROTOTYPES = YES;
				CLANG_WARN_SUSPICIOUS_MOVE = YES;
				CLANG_WARN_UNGUARDED_AVAILABILITY = YES_AGGRESSIVE;
				CLANG_WARN_UNREACHABLE_CODE = YES;
				CLANG_WARN__DUPLICATE_METHOD_MATCH = YES;
				COPY_PHASE_STRIP = NO;
				DEBUG_INFORMATION_FORMAT = "dwarf-with-dsym";
				ENABLE_NS_ASSERTIONS = NO;
				ENABLE_STRICT_OBJC_MSGSEND = YES;
				GCC_C_LANGUAGE_STANDARD = gnu11;
				GCC_NO_COMMON_BLOCKS = YES;
				GCC_WARN_64_TO_32_BIT_CONVERSION = YES;
				GCC_WARN_ABOUT_RETURN_TYPE = YES_ERROR;
				GCC_WARN_UNDECLARED_SELECTOR = YES;
				GCC_WARN_UNINITIALIZED_AUTOS = YES_AGGRESSIVE;
				GCC_WARN_UNUSED_FUNCTION = YES;
				GCC_WARN_UNUSED_VARIABLE = YES;
				IPHONEOS_DEPLOYMENT_TARGET = 15.0;
				MTL_ENABLE_DEBUG_INFO = NO;
				MTL_FAST_MATH = YES;
				SDKROOT = iphoneos;
				SWIFT_COMPILATION_MODE = wholemodule;
				SWIFT_OPTIMIZATION_LEVEL = "-O";
				VALIDATE_PRODUCT = YES;
			};
			name = Release;
		};
		714251C527078626001AE6F0 /* Debug */ = {
			isa = XCBuildConfiguration;
			baseConfigurationReference = B3B66BE8F9ED207F6CA2AB29 /* Pods-MahjongPractice.debug.xcconfig */;
			buildSettings = {
				ASSETCATALOG_COMPILER_APPICON_NAME = AppIcon;
				ASSETCATALOG_COMPILER_GLOBAL_ACCENT_COLOR_NAME = AccentColor;
				CODE_SIGN_STYLE = Automatic;
				CURRENT_PROJECT_VERSION = 1;
				DEVELOPMENT_TEAM = 26UUUMB93E;
				GENERATE_INFOPLIST_FILE = YES;
				INFOPLIST_FILE = MahjongPractice/Info.plist;
				INFOPLIST_KEY_UIApplicationSupportsIndirectInputEvents = YES;
				INFOPLIST_KEY_UILaunchStoryboardName = LaunchScreen;
				INFOPLIST_KEY_UIMainStoryboardFile = Main;
				INFOPLIST_KEY_UIRequiresFullScreen = YES;
				INFOPLIST_KEY_UISupportedInterfaceOrientations = "UIInterfaceOrientationLandscapeLeft UIInterfaceOrientationLandscapeRight";
				INFOPLIST_KEY_UISupportedInterfaceOrientations_iPad = "UIInterfaceOrientationPortrait UIInterfaceOrientationPortraitUpsideDown UIInterfaceOrientationLandscapeLeft UIInterfaceOrientationLandscapeRight";
				INFOPLIST_KEY_UISupportedInterfaceOrientations_iPhone = "UIInterfaceOrientationPortrait UIInterfaceOrientationLandscapeLeft UIInterfaceOrientationLandscapeRight";
				IPHONEOS_DEPLOYMENT_TARGET = 9.0;
				LD_RUNPATH_SEARCH_PATHS = (
					"$(inherited)",
					"@executable_path/Frameworks",
				);
				MARKETING_VERSION = 5.17;
				PRODUCT_BUNDLE_IDENTIFIER = com.eightbam.mahjong2019;
				PRODUCT_NAME = "$(TARGET_NAME)";
				SWIFT_EMIT_LOC_STRINGS = YES;
				SWIFT_VERSION = 5.0;
				TARGETED_DEVICE_FAMILY = "1,2";
			};
			name = Debug;
		};
		714251C627078626001AE6F0 /* Release */ = {
			isa = XCBuildConfiguration;
			baseConfigurationReference = 8A035980D389C5C22DDD03CB /* Pods-MahjongPractice.release.xcconfig */;
			buildSettings = {
				ASSETCATALOG_COMPILER_APPICON_NAME = AppIcon;
				ASSETCATALOG_COMPILER_GLOBAL_ACCENT_COLOR_NAME = AccentColor;
				CODE_SIGN_STYLE = Automatic;
				CURRENT_PROJECT_VERSION = 1;
				DEVELOPMENT_TEAM = 26UUUMB93E;
				GENERATE_INFOPLIST_FILE = YES;
				INFOPLIST_FILE = MahjongPractice/Info.plist;
				INFOPLIST_KEY_UIApplicationSupportsIndirectInputEvents = YES;
				INFOPLIST_KEY_UILaunchStoryboardName = LaunchScreen;
				INFOPLIST_KEY_UIMainStoryboardFile = Main;
				INFOPLIST_KEY_UIRequiresFullScreen = YES;
				INFOPLIST_KEY_UISupportedInterfaceOrientations = "UIInterfaceOrientationLandscapeLeft UIInterfaceOrientationLandscapeRight";
				INFOPLIST_KEY_UISupportedInterfaceOrientations_iPad = "UIInterfaceOrientationPortrait UIInterfaceOrientationPortraitUpsideDown UIInterfaceOrientationLandscapeLeft UIInterfaceOrientationLandscapeRight";
				INFOPLIST_KEY_UISupportedInterfaceOrientations_iPhone = "UIInterfaceOrientationPortrait UIInterfaceOrientationLandscapeLeft UIInterfaceOrientationLandscapeRight";
				IPHONEOS_DEPLOYMENT_TARGET = 9.0;
				LD_RUNPATH_SEARCH_PATHS = (
					"$(inherited)",
					"@executable_path/Frameworks",
				);
				MARKETING_VERSION = 5.17;
				PRODUCT_BUNDLE_IDENTIFIER = com.eightbam.mahjong2019;
				PRODUCT_NAME = "$(TARGET_NAME)";
				SWIFT_EMIT_LOC_STRINGS = YES;
				SWIFT_VERSION = 5.0;
				TARGETED_DEVICE_FAMILY = "1,2";
			};
			name = Release;
		};
		714251C827078626001AE6F0 /* Debug */ = {
			isa = XCBuildConfiguration;
			baseConfigurationReference = 043FFB80DCB829C7FF631B55 /* Pods-MahjongPracticeTests.debug.xcconfig */;
			buildSettings = {
				ALWAYS_EMBED_SWIFT_STANDARD_LIBRARIES = YES;
				BUNDLE_LOADER = "$(TEST_HOST)";
				CODE_SIGN_STYLE = Automatic;
				CURRENT_PROJECT_VERSION = 1;
				DEVELOPMENT_TEAM = 26UUUMB93E;
				GENERATE_INFOPLIST_FILE = YES;
				IPHONEOS_DEPLOYMENT_TARGET = 15.0;
				LD_RUNPATH_SEARCH_PATHS = (
					"$(inherited)",
					"@executable_path/Frameworks",
					"@loader_path/Frameworks",
				);
				MARKETING_VERSION = 1.0;
				PRODUCT_BUNDLE_IDENTIFIER = com.eightbam.MahjongPracticeTests;
				PRODUCT_NAME = "$(TARGET_NAME)";
				SWIFT_EMIT_LOC_STRINGS = NO;
				SWIFT_VERSION = 5.0;
				TARGETED_DEVICE_FAMILY = "1,2";
				TEST_HOST = "$(BUILT_PRODUCTS_DIR)/MahjongPractice.app/MahjongPractice";
			};
			name = Debug;
		};
		714251C927078626001AE6F0 /* Release */ = {
			isa = XCBuildConfiguration;
			baseConfigurationReference = 20B3ACE0F49E212BDA5BE028 /* Pods-MahjongPracticeTests.release.xcconfig */;
			buildSettings = {
				ALWAYS_EMBED_SWIFT_STANDARD_LIBRARIES = YES;
				BUNDLE_LOADER = "$(TEST_HOST)";
				CODE_SIGN_STYLE = Automatic;
				CURRENT_PROJECT_VERSION = 1;
				DEVELOPMENT_TEAM = 26UUUMB93E;
				GENERATE_INFOPLIST_FILE = YES;
				IPHONEOS_DEPLOYMENT_TARGET = 15.0;
				LD_RUNPATH_SEARCH_PATHS = (
					"$(inherited)",
					"@executable_path/Frameworks",
					"@loader_path/Frameworks",
				);
				MARKETING_VERSION = 1.0;
				PRODUCT_BUNDLE_IDENTIFIER = com.eightbam.MahjongPracticeTests;
				PRODUCT_NAME = "$(TARGET_NAME)";
				SWIFT_EMIT_LOC_STRINGS = NO;
				SWIFT_VERSION = 5.0;
				TARGETED_DEVICE_FAMILY = "1,2";
				TEST_HOST = "$(BUILT_PRODUCTS_DIR)/MahjongPractice.app/MahjongPractice";
			};
			name = Release;
		};
		714251CB27078626001AE6F0 /* Debug */ = {
			isa = XCBuildConfiguration;
			baseConfigurationReference = 5709E3B66BCF2B32E7ACF1F9 /* Pods-MahjongPractice-MahjongPracticeUITests.debug.xcconfig */;
			buildSettings = {
				ALWAYS_EMBED_SWIFT_STANDARD_LIBRARIES = YES;
				CODE_SIGN_STYLE = Automatic;
				CURRENT_PROJECT_VERSION = 1;
				DEVELOPMENT_TEAM = 26UUUMB93E;
				GENERATE_INFOPLIST_FILE = YES;
				LD_RUNPATH_SEARCH_PATHS = (
					"$(inherited)",
					"@executable_path/Frameworks",
					"@loader_path/Frameworks",
				);
				MARKETING_VERSION = 1.0;
				PRODUCT_BUNDLE_IDENTIFIER = com.eightbam.MahjongPracticeUITests;
				PRODUCT_NAME = "$(TARGET_NAME)";
				SWIFT_EMIT_LOC_STRINGS = NO;
				SWIFT_VERSION = 5.0;
				TARGETED_DEVICE_FAMILY = "1,2";
				TEST_TARGET_NAME = MahjongPractice;
			};
			name = Debug;
		};
		714251CC27078626001AE6F0 /* Release */ = {
			isa = XCBuildConfiguration;
			baseConfigurationReference = 41FE85C2C397AC47C2C352E0 /* Pods-MahjongPractice-MahjongPracticeUITests.release.xcconfig */;
			buildSettings = {
				ALWAYS_EMBED_SWIFT_STANDARD_LIBRARIES = YES;
				CODE_SIGN_STYLE = Automatic;
				CURRENT_PROJECT_VERSION = 1;
				DEVELOPMENT_TEAM = 26UUUMB93E;
				GENERATE_INFOPLIST_FILE = YES;
				LD_RUNPATH_SEARCH_PATHS = (
					"$(inherited)",
					"@executable_path/Frameworks",
					"@loader_path/Frameworks",
				);
				MARKETING_VERSION = 1.0;
				PRODUCT_BUNDLE_IDENTIFIER = com.eightbam.MahjongPracticeUITests;
				PRODUCT_NAME = "$(TARGET_NAME)";
				SWIFT_EMIT_LOC_STRINGS = NO;
				SWIFT_VERSION = 5.0;
				TARGETED_DEVICE_FAMILY = "1,2";
				TEST_TARGET_NAME = MahjongPractice;
			};
			name = Release;
		};
/* End XCBuildConfiguration section */

/* Begin XCConfigurationList section */
		7142519527078624001AE6F0 /* Build configuration list for PBXProject "MahjongPractice" */ = {
			isa = XCConfigurationList;
			buildConfigurations = (
				714251C227078626001AE6F0 /* Debug */,
				714251C327078626001AE6F0 /* Release */,
			);
			defaultConfigurationIsVisible = 0;
			defaultConfigurationName = Release;
		};
		714251C427078626001AE6F0 /* Build configuration list for PBXNativeTarget "MahjongPractice" */ = {
			isa = XCConfigurationList;
			buildConfigurations = (
				714251C527078626001AE6F0 /* Debug */,
				714251C627078626001AE6F0 /* Release */,
			);
			defaultConfigurationIsVisible = 0;
			defaultConfigurationName = Release;
		};
		714251C727078626001AE6F0 /* Build configuration list for PBXNativeTarget "MahjongPracticeTests" */ = {
			isa = XCConfigurationList;
			buildConfigurations = (
				714251C827078626001AE6F0 /* Debug */,
				714251C927078626001AE6F0 /* Release */,
			);
			defaultConfigurationIsVisible = 0;
			defaultConfigurationName = Release;
		};
		714251CA27078626001AE6F0 /* Build configuration list for PBXNativeTarget "MahjongPracticeUITests" */ = {
			isa = XCConfigurationList;
			buildConfigurations = (
				714251CB27078626001AE6F0 /* Debug */,
				714251CC27078626001AE6F0 /* Release */,
			);
			defaultConfigurationIsVisible = 0;
			defaultConfigurationName = Release;
		};
/* End XCConfigurationList section */
	};
	rootObject = 7142519227078624001AE6F0 /* Project object */;
}
