// !$*UTF8*$!
{
	archiveVersion = 1;
	classes = {
	};
	objectVersion = 55;
	objects = {

/* Begin PBXBuildFile section */
		17F58E8EBC225DA100F4762B /* Pods_MahjongPracticeTests.framework in Frameworks */ = {isa = PBXBuildFile; fileRef = 5FF6196C5BB18EFFE44E83B6 /* Pods_MahjongPracticeTests.framework */; };
		3CBCCF1CA8CFE7950CC42E71 /* Pods_MahjongPractice_MahjongPracticeUITests.framework in Frameworks */ = {isa = PBXBuildFile; fileRef = A668A2FB6B118FAF6D0F3252 /* Pods_MahjongPractice_MahjongPracticeUITests.framework */; };
		6D61DE8E53AC034CBE92CA40 /* Pods_MahjongPractice.framework in Frameworks */ = {isa = PBXBuildFile; fileRef = 5207B81F59BE7F62510E662B /* Pods_MahjongPractice.framework */; };
		7142519E27078624001AE6F0 /* AppDelegate.swift in Sources */ = {isa = PBXBuildFile; fileRef = 7142519D27078624001AE6F0 /* AppDelegate.swift */; };
		714251A227078624001AE6F0 /* ViewController.swift in Sources */ = {isa = PBXBuildFile; fileRef = 714251A127078624001AE6F0 /* ViewController.swift */; };
		714251A527078624001AE6F0 /* Main.storyboard in Resources */ = {isa = PBXBuildFile; fileRef = 714251A327078624001AE6F0 /* Main.storyboard */; };
		714251A727078626001AE6F0 /* Assets.xcassets in Resources */ = {isa = PBXBuildFile; fileRef = 714251A627078626001AE6F0 /* Assets.xcassets */; };
		714251AA27078626001AE6F0 /* LaunchScreen.storyboard in Resources */ = {isa = PBXBuildFile; fileRef = 714251A827078626001AE6F0 /* LaunchScreen.storyboard */; };
		714251B527078626001AE6F0 /* MahjongPracticeTests.swift in Sources */ = {isa = PBXBuildFile; fileRef = 714251B427078626001AE6F0 /* MahjongPracticeTests.swift */; };
		714251BF27078626001AE6F0 /* MahjongPracticeUITests.swift in Sources */ = {isa = PBXBuildFile; fileRef = 714251BE27078626001AE6F0 /* MahjongPracticeUITests.swift */; };
		714251C127078626001AE6F0 /* MahjongPracticeUITestsLaunchTests.swift in Sources */ = {isa = PBXBuildFile; fileRef = 714251C027078626001AE6F0 /* MahjongPracticeUITestsLaunchTests.swift */; };
/* End PBXBuildFile section */

/* Begin PBXContainerItemProxy section */
		714251B127078626001AE6F0 /* PBXContainerItemProxy */ = {
			isa = PBXContainerItemProxy;
			containerPortal = 7142519227078624001AE6F0 /* Project object */;
			proxyType = 1;
			remoteGlobalIDString = 7142519927078624001AE6F0;
			remoteInfo = MahjongPractice;
		};
		714251BB27078626001AE6F0 /* PBXContainerItemProxy */ = {
			isa = PBXContainerItemProxy;
			containerPortal = 7142519227078624001AE6F0 /* Project object */;
			proxyType = 1;
			remoteGlobalIDString = 7142519927078624001AE6F0;
			remoteInfo = MahjongPractice;
		};
/* End PBXContainerItemProxy section */

/* Begin PBXFileReference section */
		043FFB80DCB829C7FF631B55 /* Pods-MahjongPracticeTests.debug.xcconfig */ = {isa = PBXFileReference; includeInIndex = 1; lastKnownFileType = text.xcconfig; name = "Pods-MahjongPracticeTests.debug.xcconfig"; path = "Target Support Files/Pods-MahjongPracticeTests/Pods-MahjongPracticeTests.debug.xcconfig"; sourceTree = "<group>"; };
		20B3ACE0F49E212BDA5BE028 /* Pods-MahjongPracticeTests.release.xcconfig */ = {isa = PBXFileReference; includeInIndex = 1; lastKnownFileType = text.xcconfig; name = "Pods-MahjongPracticeTests.release.xcconfig"; path = "Target Support Files/Pods-MahjongPracticeTests/Pods-MahjongPracticeTests.release.xcconfig"; sourceTree = "<group>"; };
		41FE85C2C397AC47C2C352E0 /* Pods-MahjongPractice-MahjongPracticeUITests.release.xcconfig */ = {isa = PBXFileReference; includeInIndex = 1; lastKnownFileType = text.xcconfig; name = "Pods-MahjongPractice-MahjongPracticeUITests.release.xcconfig"; path = "Target Support Files/Pods-MahjongPractice-MahjongPracticeUITests/Pods-MahjongPractice-MahjongPracticeUITests.release.xcconfig"; sourceTree = "<group>"; };
		5207B81F59BE7F62510E662B /* Pods_MahjongPractice.framework */ = {isa = PBXFileReference; explicitFileType = wrapper.framework; includeInIndex = 0; path = Pods_MahjongPractice.framework; sourceTree = BUILT_PRODUCTS_DIR; };
		5709E3B66BCF2B32E7ACF1F9 /* Pods-MahjongPractice-MahjongPracticeUITests.debug.xcconfig */ = {isa = PBXFileReference; includeInIndex = 1; lastKnownFileType = text.xcconfig; name = "Pods-MahjongPractice-MahjongPracticeUITests.debug.xcconfig"; path = "Target Support Files/Pods-MahjongPractice-MahjongPracticeUITests/Pods-MahjongPractice-MahjongPracticeUITests.debug.xcconfig"; sourceTree = "<group>"; };
		5FF6196C5BB18EFFE44E83B6 /* Pods_MahjongPracticeTests.framework */ = {isa = PBXFileReference; explicitFileType = wrapper.framework; includeInIndex = 0; path = Pods_MahjongPracticeTests.framework; sourceTree = BUILT_PRODUCTS_DIR; };
		7142519A27078624001AE6F0 /* MahjongPractice.app */ = {isa = PBXFileReference; explicitFileType = wrapper.application; includeInIndex = 0; path = MahjongPractice.app; sourceTree = BUILT_PRODUCTS_DIR; };
		7142519D27078624001AE6F0 /* AppDelegate.swift */ = {isa = PBXFileReference; lastKnownFileType = sourcecode.swift; path = AppDelegate.swift; sourceTree = "<group>"; };
		714251A127078624001AE6F0 /* ViewController.swift */ = {isa = PBXFileReference; lastKnownFileType = sourcecode.swift; path = ViewController.swift; sourceTree = "<group>"; };
		714251A427078624001AE6F0 /* Base */ = {isa = PBXFileReference; lastKnownFileType = file.storyboard; name = Base; path = Base.lproj/Main.storyboard; sourceTree = "<group>"; };
		714251A627078626001AE6F0 /* Assets.xcassets */ = {isa = PBXFileReference; lastKnownFileType = folder.assetcatalog; path = Assets.xcassets; sourceTree = "<group>"; };
		714251A927078626001AE6F0 /* Base */ = {isa = PBXFileReference; lastKnownFileType = file.storyboard; name = Base; path = Base.lproj/LaunchScreen.storyboard; sourceTree = "<group>"; };
		714251AB27078626001AE6F0 /* Info.plist */ = {isa = PBXFileReference; lastKnownFileType = text.plist.xml; path = Info.plist; sourceTree = "<group>"; };
		714251B027078626001AE6F0 /* MahjongPracticeTests.xctest */ = {isa = PBXFileReference; explicitFileType = wrapper.cfbundle; includeInIndex = 0; path = MahjongPracticeTests.xctest; sourceTree = BUILT_PRODUCTS_DIR; };
		714251B427078626001AE6F0 /* MahjongPracticeTests.swift */ = {isa = PBXFileReference; lastKnownFileType = sourcecode.swift; path = MahjongPracticeTests.swift; sourceTree = "<group>"; };
		714251BA27078626001AE6F0 /* MahjongPracticeUITests.xctest */ = {isa = PBXFileReference; explicitFileType = wrapper.cfbundle; includeInIndex = 0; path = MahjongPracticeUITests.xctest; sourceTree = BUILT_PRODUCTS_DIR; };
		714251BE27078626001AE6F0 /* MahjongPracticeUITests.swift */ = {isa = PBXFileReference; lastKnownFileType = sourcecode.swift; path = MahjongPracticeUITests.swift; sourceTree = "<group>"; };
		714251C027078626001AE6F0 /* MahjongPracticeUITestsLaunchTests.swift */ = {isa = PBXFileReference; lastKnownFileType = sourcecode.swift; path = MahjongPracticeUITestsLaunchTests.swift; sourceTree = "<group>"; };
		8A035980D389C5C22DDD03CB /* Pods-MahjongPractice.release.xcconfig */ = {isa = PBXFileReference; includeInIndex = 1; lastKnownFileType = text.xcconfig; name = "Pods-MahjongPractice.release.xcconfig"; path = "Target Support Files/Pods-MahjongPractice/Pods-MahjongPractice.release.xcconfig"; sourceTree = "<group>"; };
		A668A2FB6B118FAF6D0F3252 /* Pods_MahjongPractice_MahjongPracticeUITests.framework */ = {isa = PBXFileReference; explicitFileType = wrapper.framework; includeInIndex = 0; path = Pods_MahjongPractice_MahjongPracticeUITests.framework; sourceTree = BUILT_PRODUCTS_DIR; };
		B3B66BE8F9ED207F6CA2AB29 /* Pods-MahjongPractice.debug.xcconfig */ = {isa = PBXFileReference; includeInIndex = 1; lastKnownFileType = text.xcconfig; name = "Pods-MahjongPractice.debug.xcconfig"; path = "Target Support Files/Pods-MahjongPractice/Pods-MahjongPractice.debug.xcconfig"; sourceTree = "<group>"; };
/* End PBXFileReference section */

/* Begin PBXFrameworksBuildPhase section */
		7142519727078624001AE6F0 /* Frameworks */ = {
			isa = PBXFrameworksBuildPhase;
			buildActionMask = 2147483647;
			files = (
				6D61DE8E53AC034CBE92CA40 /* Pods_MahjongPractice.framework in Frameworks */,
			);
			runOnlyForDeploymentPostprocessing = 0;
		};
		714251AD27078626001AE6F0 /* Frameworks */ = {
			isa = PBXFrameworksBuildPhase;
			buildActionMask = 2147483647;
			files = (
				17F58E8EBC225DA100F4762B /* Pods_MahjongPracticeTests.framework in Frameworks */,
			);
			runOnlyForDeploymentPostprocessing = 0;
		};
		714251B727078626001AE6F0 /* Frameworks */ = {
			isa = PBXFrameworksBuildPhase;
			buildActionMask = 2147483647;
			files = (
				3CBCCF1CA8CFE7950CC42E71 /* Pods_MahjongPractice_MahjongPracticeUITests.framework in Frameworks */,
			);
			runOnlyForDeploymentPostprocessing = 0;
		};
/* End PBXFrameworksBuildPhase section */

/* Begin PBXGroup section */
		629453D785EC1CFB026F6EFB /* Pods */ = {
			isa = PBXGroup;
			children = (
				B3B66BE8F9ED207F6CA2AB29 /* Pods-MahjongPractice.debug.xcconfig */,
				8A035980D389C5C22DDD03CB /* Pods-MahjongPractice.release.xcconfig */,
				5709E3B66BCF2B32E7ACF1F9 /* Pods-MahjongPractice-MahjongPracticeUITests.debug.xcconfig */,
				41FE85C2C397AC47C2C352E0 /* Pods-MahjongPractice-MahjongPracticeUITests.release.xcconfig */,
				043FFB80DCB829C7FF631B55 /* Pods-MahjongPracticeTests.debug.xcconfig */,
				20B3ACE0F49E212BDA5BE028 /* Pods-MahjongPracticeTests.release.xcconfig */,
			);
			name = Pods;
			path = Pods;
			sourceTree = "<group>";
		};
		7142519127078624001AE6F0 = {
			isa = PBXGroup;
			children = (
				7142519C27078624001AE6F0 /* MahjongPractice */,
				714251B327078626001AE6F0 /* MahjongPracticeTests */,
				714251BD27078626001AE6F0 /* MahjongPracticeUITests */,
				7142519B27078624001AE6F0 /* Products */,
				629453D785EC1CFB026F6EFB /* Pods */,
				BBEC37C0FD82046C1364A40F /* Frameworks */,
			);
			sourceTree = "<group>";
		};
		7142519B27078624001AE6F0 /* Products */ = {
			isa = PBXGroup;
			children = (
				7142519A27078624001AE6F0 /* MahjongPractice.app */,
				714251B027078626001AE6F0 /* MahjongPracticeTests.xctest */,
				714251BA27078626001AE6F0 /* MahjongPracticeUITests.xctest */,
			);
			name = Products;
			sourceTree = "<group>";
		};
		7142519C27078624001AE6F0 /* MahjongPractice */ = {
			isa = PBXGroup;
			children = (
				7142519D27078624001AE6F0 /* AppDelegate.swift */,
				714251A127078624001AE6F0 /* ViewController.swift */,
				714251A327078624001AE6F0 /* Main.storyboard */,
				714251A627078626001AE6F0 /* Assets.xcassets */,
				714251A827078626001AE6F0 /* LaunchScreen.storyboard */,
				714251AB27078626001AE6F0 /* Info.plist */,
			);
			path = MahjongPractice;
			sourceTree = "<group>";
		};
		714251B327078626001AE6F0 /* MahjongPracticeTests */ = {
			isa = PBXGroup;
			children = (
				714251B427078626001AE6F0 /* MahjongPracticeTests.swift */,
			);
			path = MahjongPracticeTests;
			sourceTree = "<group>";
		};
		714251BD27078626001AE6F0 /* MahjongPracticeUITests */ = {
			isa = PBXGroup;
			children = (
				714251BE27078626001AE6F0 /* MahjongPracticeUITests.swift */,
				714251C027078626001AE6F0 /* MahjongPracticeUITestsLaunchTests.swift */,
			);
			path = MahjongPracticeUITests;
			sourceTree = "<group>";
		};
		BBEC37C0FD82046C1364A40F /* Frameworks */ = {
			isa = PBXGroup;
			children = (
				5207B81F59BE7F62510E662B /* Pods_MahjongPractice.framework */,
				A668A2FB6B118FAF6D0F3252 /* Pods_MahjongPractice_MahjongPracticeUITests.framework */,
				5FF6196C5BB18EFFE44E83B6 /* Pods_MahjongPracticeTests.framework */,
			);
			name = Frameworks;
			sourceTree = "<group>";
		};
/* End PBXGroup section */

/* Begin PBXNativeTarget section */
		7142519927078624001AE6F0 /* MahjongPractice */ = {
			isa = PBXNativeTarget;
			buildConfigurationList = 714251C427078626001AE6F0 /* Build configuration list for PBXNativeTarget "MahjongPractice" */;
			buildPhases = (
				AC506E46BB536A74C3D429B9 /* [CP] Check Pods Manifest.lock */,
				7142519627078624001AE6F0 /* Sources */,
				7142519727078624001AE6F0 /* Frameworks */,
				7142519827078624001AE6F0 /* Resources */,
				53310D71A0DD734EC2F982D5 /* [CP] Embed Pods Frameworks */,
			);
			buildRules = (
			);
			dependencies = (
			);
			name = MahjongPractice;
			productName = MahjongPractice;
			productReference = 7142519A27078624001AE6F0 /* MahjongPractice.app */;
			productType = "com.apple.product-type.application";
		};
		714251AF27078626001AE6F0 /* MahjongPracticeTests */ = {
			isa = PBXNativeTarget;
			buildConfigurationList = 714251C727078626001AE6F0 /* Build configuration list for PBXNativeTarget "MahjongPracticeTests" */;
			buildPhases = (
				F906F01A1EB13582DDC77D6C /* [CP] Check Pods Manifest.lock */,
				714251AC27078626001AE6F0 /* Sources */,
				714251AD27078626001AE6F0 /* Frameworks */,
				714251AE27078626001AE6F0 /* Resources */,
			);
			buildRules = (
			);
			dependencies = (
				714251B227078626001AE6F0 /* PBXTargetDependency */,
			);
			name = MahjongPracticeTests;
			productName = MahjongPracticeTests;
			productReference = 714251B027078626001AE6F0 /* MahjongPracticeTests.xctest */;
			productType = "com.apple.product-type.bundle.unit-test";
		};
		714251B927078626001AE6F0 /* MahjongPracticeUITests */ = {
			isa = PBXNativeTarget;
			buildConfigurationList = 714251CA27078626001AE6F0 /* Build configuration list for PBXNativeTarget "MahjongPracticeUITests" */;
			buildPhases = (
				4ECF187A1D6185AAFC038AA6 /* [CP] Check Pods Manifest.lock */,
				714251B627078626001AE6F0 /* Sources */,
				714251B727078626001AE6F0 /* Frameworks */,
				714251B827078626001AE6F0 /* Resources */,
				855EB2D688959BE572251A5A /* [CP] Embed Pods Frameworks */,
			);
			buildRules = (
			);
			dependencies = (
				714251BC27078626001AE6F0 /* PBXTargetDependency */,
			);
			name = MahjongPracticeUITests;
			productName = MahjongPracticeUITests;
			productReference = 714251BA27078626001AE6F0 /* MahjongPracticeUITests.xctest */;
			productType = "com.apple.product-type.bundle.ui-testing";
		};
/* End PBXNativeTarget section */

/* Begin PBXProject section */
		7142519227078624001AE6F0 /* Project object */ = {
			isa = PBXProject;
			attributes = {
				BuildIndependentTargetsInParallel = 1;
				LastSwiftUpdateCheck = 1300;
				LastUpgradeCheck = 1300;
				TargetAttributes = {
					7142519927078624001AE6F0 = {
						CreatedOnToolsVersion = 13.0;
					};
					714251AF27078626001AE6F0 = {
						CreatedOnToolsVersion = 13.0;
						TestTargetID = 7142519927078624001AE6F0;
					};
					714251B927078626001AE6F0 = {
						CreatedOnToolsVersion = 13.0;
						TestTargetID = 7142519927078624001AE6F0;
					};
				};
			};
			buildConfigurationList = 7142519527078624001AE6F0 /* Build configuration list for PBXProject "MahjongPractice" */;
			compatibilityVersion = "Xcode 13.0";
			developmentRegion = en;
			hasScannedForEncodings = 0;
			knownRegions = (
				en,
				Base,
			);
			mainGroup = 7142519127078624001AE6F0;
			productRefGroup = 7142519B27078624001AE6F0 /* Products */;
			projectDirPath = "";
			projectRoot = "";
			targets = (
				7142519927078624001AE6F0 /* MahjongPractice */,
				714251AF27078626001AE6F0 /* MahjongPracticeTests */,
				714251B927078626001AE6F0 /* MahjongPracticeUITests */,
			);
		};
/* End PBXProject section */

/* Begin PBXResourcesBuildPhase section */
		7142519827078624001AE6F0 /* Resources */ = {
			isa = PBXResourcesBuildPhase;
			buildActionMask = 2147483647;
			files = (
				714251AA27078626001AE6F0 /* LaunchScreen.storyboard in Resources */,
				714251A727078626001AE6F0 /* Assets.xcassets in Resources */,
				714251A527078624001AE6F0 /* Main.storyboard in Resources */,
			);
			runOnlyForDeploymentPostprocessing = 0;
		};
		714251AE27078626001AE6F0 /* Resources */ = {
			isa = PBXResourcesBuildPhase;
			buildActionMask = 2147483647;
			files = (
			);
			runOnlyForDeploymentPostprocessing = 0;
		};
		714251B827078626001AE6F0 /* Resources */ = {
			isa = PBXResourcesBuildPhase;
			buildActionMask = 2147483647;
			files = (
			);
			runOnlyForDeploymentPostprocessing = 0;
		};
/* End PBXResourcesBuildPhase section */

/* Begin PBXShellScriptBuildPhase section */
		4ECF187A1D6185AAFC038AA6 /* [CP] Check Pods Manifest.lock */ = {
			isa = PBXShellScriptBuildPhase;
			buildActionMask = 2147483647;
			files = (
			);
			inputFileListPaths = (
			);
			inputPaths = (
				"${PODS_PODFILE_DIR_PATH}/Podfile.lock",
				"${PODS_ROOT}/Manifest.lock",
			);
			name = "[CP] Check Pods Manifest.lock";
			outputFileListPaths = (
			);
			outputPaths = (
				"$(DERIVED_FILE_DIR)/Pods-MahjongPractice-MahjongPracticeUITests-checkManifestLockResult.txt",
			);
			runOnlyForDeploymentPostprocessing = 0;
			shellPath = /bin/sh;
			shellScript = "diff \"${PODS_PODFILE_DIR_PATH}/Podfile.lock\" \"${PODS_ROOT}/Manifest.lock\" > /dev/null\nif [ $? != 0 ] ; then\n    # print error to STDERR\n    echo \"error: The sandbox is not in sync with the Podfile.lock. Run 'pod install' or update your CocoaPods installation.\" >&2\n    exit 1\nfi\n# This output is used by Xcode 'outputs' to avoid re-running this script phase.\necho \"SUCCESS\" > \"${SCRIPT_OUTPUT_FILE_0}\"\n";
			showEnvVarsInLog = 0;
		};
		53310D71A0DD734EC2F982D5 /* [CP] Embed Pods Frameworks */ = {
			isa = PBXShellScriptBuildPhase;
			buildActionMask = 2147483647;
			files = (
			);
			inputFileListPaths = (
				"${PODS_ROOT}/Target Support Files/Pods-MahjongPractice/Pods-MahjongPractice-frameworks-${CONFIGURATION}-input-files.xcfilelist",
			);
			name = "[CP] Embed Pods Frameworks";
			outputFileListPaths = (
				"${PODS_ROOT}/Target Support Files/Pods-MahjongPractice/Pods-MahjongPractice-frameworks-${CONFIGURATION}-output-files.xcfilelist",
			);
			runOnlyForDeploymentPostprocessing = 0;
			shellPath = /bin/sh;
			shellScript = "\"${PODS_ROOT}/Target Support Files/Pods-MahjongPractice/Pods-MahjongPractice-frameworks.sh\"\n";
			showEnvVarsInLog = 0;
		};
		855EB2D688959BE572251A5A /* [CP] Embed Pods Frameworks */ = {
			isa = PBXShellScriptBuildPhase;
			buildActionMask = 2147483647;
			files = (
			);
			inputFileListPaths = (
				"${PODS_ROOT}/Target Support Files/Pods-MahjongPractice-MahjongPracticeUITests/Pods-MahjongPractice-MahjongPracticeUITests-frameworks-${CONFIGURATION}-input-files.xcfilelist",
			);
			name = "[CP] Embed Pods Frameworks";
			outputFileListPaths = (
				"${PODS_ROOT}/Target Support Files/Pods-MahjongPractice-MahjongPracticeUITests/Pods-MahjongPractice-MahjongPracticeUITests-frameworks-${CONFIGURATION}-output-files.xcfilelist",
			);
			runOnlyForDeploymentPostprocessing = 0;
			shellPath = /bin/sh;
			shellScript = "\"${PODS_ROOT}/Target Support Files/Pods-MahjongPractice-MahjongPracticeUITests/Pods-MahjongPractice-MahjongPracticeUITests-frameworks.sh\"\n";
			showEnvVarsInLog = 0;
		};
		AC506E46BB536A74C3D429B9 /* [CP] Check Pods Manifest.lock */ = {
			isa = PBXShellScriptBuildPhase;
			buildActionMask = 2147483647;
			files = (
			);
			inputFileListPaths = (
			);
			inputPaths = (
				"${PODS_PODFILE_DIR_PATH}/Podfile.lock",
				"${PODS_ROOT}/Manifest.lock",
			);
			name = "[CP] Check Pods Manifest.lock";
			outputFileListPaths = (
			);
			outputPaths = (
				"$(DERIVED_FILE_DIR)/Pods-MahjongPractice-checkManifestLockResult.txt",
			);
			runOnlyForDeploymentPostprocessing = 0;
			shellPath = /bin/sh;
			shellScript = "diff \"${PODS_PODFILE_DIR_PATH}/Podfile.lock\" \"${PODS_ROOT}/Manifest.lock\" > /dev/null\nif [ $? != 0 ] ; then\n    # print error to STDERR\n    echo \"error: The sandbox is not in sync with the Podfile.lock. Run 'pod install' or update your CocoaPods installation.\" >&2\n    exit 1\nfi\n# This output is used by Xcode 'outputs' to avoid re-running this script phase.\necho \"SUCCESS\" > \"${SCRIPT_OUTPUT_FILE_0}\"\n";
			showEnvVarsInLog = 0;
		};
		F906F01A1EB13582DDC77D6C /* [CP] Check Pods Manifest.lock */ = {
			isa = PBXShellScriptBuildPhase;
			buildActionMask = 2147483647;
			files = (
			);
			inputFileListPaths = (
			);
			inputPaths = (
				"${PODS_PODFILE_DIR_PATH}/Podfile.lock",
				"${PODS_ROOT}/Manifest.lock",
			);
			name = "[CP] Check Pods Manifest.lock";
			outputFileListPaths = (
			);
			outputPaths = (
				"$(DERIVED_FILE_DIR)/Pods-MahjongPracticeTests-checkManifestLockResult.txt",
			);
			runOnlyForDeploymentPostprocessing = 0;
			shellPath = /bin/sh;
			shellScript = "diff \"${PODS_PODFILE_DIR_PATH}/Podfile.lock\" \"${PODS_ROOT}/Manifest.lock\" > /dev/null\nif [ $? != 0 ] ; then\n    # print error to STDERR\n    echo \"error: The sandbox is not in sync with the Podfile.lock. Run 'pod install' or update your CocoaPods installation.\" >&2\n    exit 1\nfi\n# This output is used by Xcode 'outputs' to avoid re-running this script phase.\necho \"SUCCESS\" > \"${SCRIPT_OUTPUT_FILE_0}\"\n";
			showEnvVarsInLog = 0;
		};
/* End PBXShellScriptBuildPhase section */

/* Begin PBXSourcesBuildPhase section */
		7142519627078624001AE6F0 /* Sources */ = {
			isa = PBXSourcesBuildPhase;
			buildActionMask = 2147483647;
			files = (
				714251A227078624001AE6F0 /* ViewController.swift in Sources */,
				7142519E27078624001AE6F0 /* AppDelegate.swift in Sources */,
			);
			runOnlyForDeploymentPostprocessing = 0;
		};
		714251AC27078626001AE6F0 /* Sources */ = {
			isa = PBXSourcesBuildPhase;
			buildActionMask = 2147483647;
			files = (
				714251B527078626001AE6F0 /* MahjongPracticeTests.swift in Sources */,
			);
			runOnlyForDeploymentPostprocessing = 0;
		};
		714251B627078626001AE6F0 /* Sources */ = {
			isa = PBXSourcesBuildPhase;
			buildActionMask = 2147483647;
			files = (
				714251C127078626001AE6F0 /* MahjongPracticeUITestsLaunchTests.swift in Sources */,
				714251BF27078626001AE6F0 /* MahjongPracticeUITests.swift in Sources */,
			);
			runOnlyForDeploymentPostprocessing = 0;
		};
/* End PBXSourcesBuildPhase section */

/* Begin PBXTargetDependency section */
		714251B227078626001AE6F0 /* PBXTargetDependency */ = {
			isa = PBXTargetDependency;
			target = 7142519927078624001AE6F0 /* MahjongPractice */;
			targetProxy = 714251B127078626001AE6F0 /* PBXContainerItemProxy */;
		};
		714251BC27078626001AE6F0 /* PBXTargetDependency */ = {
			isa = PBXTargetDependency;
			target = 7142519927078624001AE6F0 /* MahjongPractice */;
			targetProxy = 714251BB27078626001AE6F0 /* PBXContainerItemProxy */;
		};
/* End PBXTargetDependency section */

/* Begin PBXVariantGroup section */
		714251A327078624001AE6F0 /* Main.storyboard */ = {
			isa = PBXVariantGroup;
			children = (
				714251A427078624001AE6F0 /* Base */,
			);
			name = Main.storyboard;
			sourceTree = "<group>";
		};
		714251A827078626001AE6F0 /* LaunchScreen.storyboard */ = {
			isa = PBXVariantGroup;
			children = (
				714251A927078626001AE6F0 /* Base */,
			);
			name = LaunchScreen.storyboard;
			sourceTree = "<group>";
		};
/* End PBXVariantGroup section */

/* Begin XCBuildConfiguration section */
		714251C227078626001AE6F0 /* Debug */ = {
			isa = XCBuildConfiguration;
			buildSettings = {
				ALWAYS_SEARCH_USER_PATHS = NO;
				CLANG_ANALYZER_NONNULL = YES;
				CLANG_ANALYZER_NUMBER_OBJECT_CONVERSION = YES_AGGRESSIVE;
				CLANG_CXX_LANGUAGE_STANDARD = "gnu++17";
				CLANG_CXX_LIBRARY = "libc++";
				CLANG_ENABLE_MODULES = YES;
				CLANG_ENABLE_OBJC_ARC = YES;
				CLANG_ENABLE_OBJC_WEAK = YES;
				CLANG_WARN_BLOCK_CAPTURE_AUTORELEASING = YES;
				CLANG_WARN_BOOL_CONVERSION = YES;
				CLANG_WARN_COMMA = YES;
				CLANG_WARN_CONSTANT_CONVERSION = YES;
				CLANG_WARN_DEPRECATED_OBJC_IMPLEMENTATIONS = YES;
				CLANG_WARN_DIRECT_OBJC_ISA_USAGE = YES_ERROR;
				CLANG_WARN_DOCUMENTATION_COMMENTS = YES;
				CLANG_WARN_EMPTY_BODY = YES;
				CLANG_WARN_ENUM_CONVERSION = YES;
				CLANG_WARN_INFINITE_RECURSION = YES;
				CLANG_WARN_INT_CONVERSION = YES;
				CLANG_WARN_NON_LITERAL_NULL_CONVERSION = YES;
				CLANG_WARN_OBJC_IMPLICIT_RETAIN_SELF = YES;
				CLANG_WARN_OBJC_LITERAL_CONVERSION = YES;
				CLANG_WARN_OBJC_ROOT_CLASS = YES_ERROR;
				CLANG_WARN_QUOTED_INCLUDE_IN_FRAMEWORK_HEADER = YES;
				CLANG_WARN_RANGE_LOOP_ANALYSIS = YES;
				CLANG_WARN_STRICT_PROTOTYPES = YES;
				CLANG_WARN_SUSPICIOUS_MOVE = YES;
				CLANG_WARN_UNGUARDED_AVAILABILITY = YES_AGGRESSIVE;
				CLANG_WARN_UNREACHABLE_CODE = YES;
				CLANG_WARN__DUPLICATE_METHOD_MATCH = YES;
				COPY_PHASE_STRIP = NO;
				DEBUG_INFORMATION_FORMAT = dwarf;
				ENABLE_STRICT_OBJC_MSGSEND = YES;
				ENABLE_TESTABILITY = YES;
				GCC_C_LANGUAGE_STANDARD = gnu11;
				GCC_DYNAMIC_NO_PIC = NO;
				GCC_NO_COMMON_BLOCKS = YES;
				GCC_OPTIMIZATION_LEVEL = 0;
				GCC_PREPROCESSOR_DEFINITIONS = (
					"DEBUG=1",
					"$(inherited)",
				);
				GCC_WARN_64_TO_32_BIT_CONVERSION = YES;
				GCC_WARN_ABOUT_RETURN_TYPE = YES_ERROR;
				GCC_WARN_UNDECLARED_SELECTOR = YES;
				GCC_WARN_UNINITIALIZED_AUTOS = YES_AGGRESSIVE;
				GCC_WARN_UNUSED_FUNCTION = YES;
				GCC_WARN_UNUSED_VARIABLE = YES;
				IPHONEOS_DEPLOYMENT_TARGET = 15.0;
				MTL_ENABLE_DEBUG_INFO = INCLUDE_SOURCE;
				MTL_FAST_MATH = YES;
				ONLY_ACTIVE_ARCH = YES;
				SDKROOT = iphoneos;
				SWIFT_ACTIVE_COMPILATION_CONDITIONS = DEBUG;
				SWIFT_OPTIMIZATION_LEVEL = "-Onone";
			};
			name = Debug;
		};
		714251C327078626001AE6F0 /* Release */ = {
			isa = XCBuildConfiguration;
			buildSettings = {
				ALWAYS_SEARCH_USER_PATHS = NO;
				CLANG_ANALYZER_NONNULL = YES;
				CLANG_ANALYZER_NUMBER_OBJECT_CONVERSION = YES_AGGRESSIVE;
				CLANG_CXX_LANGUAGE_STANDARD = "gnu++17";
				CLANG_CXX_LIBRARY = "libc++";
				CLANG_ENABLE_MODULES = YES;
				CLANG_ENABLE_OBJC_ARC = YES;
				CLANG_ENABLE_OBJC_WEAK = YES;
				CLANG_WARN_BLOCK_CAPTURE_AUTORELEASING = YES;
				CLANG_WARN_BOOL_CONVERSION = YES;
				CLANG_WARN_COMMA = YES;
				CLANG_WARN_CONSTANT_CONVERSION = YES;
				CLANG_WARN_DEPRECATED_OBJC_IMPLEMENTATIONS = YES;
				CLANG_WARN_DIRECT_OBJC_ISA_USAGE = YES_ERROR;
				CLANG_WARN_DOCUMENTATION_COMMENTS = YES;
				CLANG_WARN_EMPTY_BODY = YES;
				CLANG_WARN_ENUM_CONVERSION = YES;
				CLANG_WARN_INFINITE_RECURSION = YES;
				CLANG_WARN_INT_CONVERSION = YES;
				CLANG_WARN_NON_LITERAL_NULL_CONVERSION = YES;
				CLANG_WARN_OBJC_IMPLICIT_RETAIN_SELF = YES;
				CLANG_WARN_OBJC_LITERAL_CONVERSION = YES;
				CLANG_WARN_OBJC_ROOT_CLASS = YES_ERROR;
				CLANG_WARN_QUOTED_INCLUDE_IN_FRAMEWORK_HEADER = YES;
				CLANG_WARN_RANGE_LOOP_ANALYSIS = YES;
				CLANG_WARN_STRICT_PROTOTYPES = YES;
				CLANG_WARN_SUSPICIOUS_MOVE = YES;
				CLANG_WARN_UNGUARDED_AVAILABILITY = YES_AGGRESSIVE;
				CLANG_WARN_UNREACHABLE_CODE = YES;
				CLANG_WARN__DUPLICATE_METHOD_MATCH = YES;
				COPY_PHASE_STRIP = NO;
				DEBUG_INFORMATION_FORMAT = "dwarf-with-dsym";
				ENABLE_NS_ASSERTIONS = NO;
				ENABLE_STRICT_OBJC_MSGSEND = YES;
				GCC_C_LANGUAGE_STANDARD = gnu11;
				GCC_NO_COMMON_BLOCKS = YES;
				GCC_WARN_64_TO_32_BIT_CONVERSION = YES;
				GCC_WARN_ABOUT_RETURN_TYPE = YES_ERROR;
				GCC_WARN_UNDECLARED_SELECTOR = YES;
				GCC_WARN_UNINITIALIZED_AUTOS = YES_AGGRESSIVE;
				GCC_WARN_UNUSED_FUNCTION = YES;
				GCC_WARN_UNUSED_VARIABLE = YES;
				IPHONEOS_DEPLOYMENT_TARGET = 15.0;
				MTL_ENABLE_DEBUG_INFO = NO;
				MTL_FAST_MATH = YES;
				SDKROOT = iphoneos;
				SWIFT_COMPILATION_MODE = wholemodule;
				SWIFT_OPTIMIZATION_LEVEL = "-O";
				VALIDATE_PRODUCT = YES;
			};
			name = Release;
		};
		714251C527078626001AE6F0 /* Debug */ = {
			isa = XCBuildConfiguration;
			baseConfigurationReference = B3B66BE8F9ED207F6CA2AB29 /* Pods-MahjongPractice.debug.xcconfig */;
			buildSettings = {
				ASSETCATALOG_COMPILER_APPICON_NAME = AppIcon;
				ASSETCATALOG_COMPILER_GLOBAL_ACCENT_COLOR_NAME = AccentColor;
				CODE_SIGN_STYLE = Automatic;
				CURRENT_PROJECT_VERSION = 7;
				DEVELOPMENT_TEAM = 26UUUMB93E;
				GENERATE_INFOPLIST_FILE = YES;
				INFOPLIST_FILE = MahjongPractice/Info.plist;
				INFOPLIST_KEY_UIApplicationSupportsIndirectInputEvents = YES;
				INFOPLIST_KEY_UILaunchStoryboardName = LaunchScreen;
				INFOPLIST_KEY_UIMainStoryboardFile = Main;
				INFOPLIST_KEY_UISupportedInterfaceOrientations_iPad = "UIInterfaceOrientationPortrait UIInterfaceOrientationPortraitUpsideDown UIInterfaceOrientationLandscapeLeft UIInterfaceOrientationLandscapeRight";
				INFOPLIST_KEY_UISupportedInterfaceOrientations_iPhone = "UIInterfaceOrientationPortrait UIInterfaceOrientationLandscapeLeft UIInterfaceOrientationLandscapeRight";
				IPHONEOS_DEPLOYMENT_TARGET = 9.0;
				LD_RUNPATH_SEARCH_PATHS = (
					"$(inherited)",
					"@executable_path/Frameworks",
				);
				MARKETING_VERSION = 5.09;
				PRODUCT_BUNDLE_IDENTIFIER = com.eightbam.mahjong2019;
				PRODUCT_NAME = "$(TARGET_NAME)";
				SWIFT_EMIT_LOC_STRINGS = YES;
				SWIFT_VERSION = 5.0;
				TARGETED_DEVICE_FAMILY = "1,2";
			};
			name = Debug;
		};
		714251C627078626001AE6F0 /* Release */ = {
			isa = XCBuildConfiguration;
			baseConfigurationReference = 8A035980D389C5C22DDD03CB /* Pods-MahjongPractice.release.xcconfig */;
			buildSettings = {
				ASSETCATALOG_COMPILER_APPICON_NAME = AppIcon;
				ASSETCATALOG_COMPILER_GLOBAL_ACCENT_COLOR_NAME = AccentColor;
				CODE_SIGN_STYLE = Automatic;
				CURRENT_PROJECT_VERSION = 7;
				DEVELOPMENT_TEAM = 26UUUMB93E;
				GENERATE_INFOPLIST_FILE = YES;
				INFOPLIST_FILE = MahjongPractice/Info.plist;
				INFOPLIST_KEY_UIApplicationSupportsIndirectInputEvents = YES;
				INFOPLIST_KEY_UILaunchStoryboardName = LaunchScreen;
				INFOPLIST_KEY_UIMainStoryboardFile = Main;
				INFOPLIST_KEY_UISupportedInterfaceOrientations_iPad = "UIInterfaceOrientationPortrait UIInterfaceOrientationPortraitUpsideDown UIInterfaceOrientationLandscapeLeft UIInterfaceOrientationLandscapeRight";
				INFOPLIST_KEY_UISupportedInterfaceOrientations_iPhone = "UIInterfaceOrientationPortrait UIInterfaceOrientationLandscapeLeft UIInterfaceOrientationLandscapeRight";
				IPHONEOS_DEPLOYMENT_TARGET = 9.0;
				LD_RUNPATH_SEARCH_PATHS = (
					"$(inherited)",
					"@executable_path/Frameworks",
				);
				MARKETING_VERSION = 5.09;
				PRODUCT_BUNDLE_IDENTIFIER = com.eightbam.mahjong2019;
				PRODUCT_NAME = "$(TARGET_NAME)";
				SWIFT_EMIT_LOC_STRINGS = YES;
				SWIFT_VERSION = 5.0;
				TARGETED_DEVICE_FAMILY = "1,2";
			};
			name = Release;
		};
		714251C827078626001AE6F0 /* Debug */ = {
			isa = XCBuildConfiguration;
			baseConfigurationReference = 043FFB80DCB829C7FF631B55 /* Pods-MahjongPracticeTests.debug.xcconfig */;
			buildSettings = {
				ALWAYS_EMBED_SWIFT_STANDARD_LIBRARIES = YES;
				BUNDLE_LOADER = "$(TEST_HOST)";
				CODE_SIGN_STYLE = Automatic;
				CURRENT_PROJECT_VERSION = 1;
				DEVELOPMENT_TEAM = 26UUUMB93E;
				GENERATE_INFOPLIST_FILE = YES;
				IPHONEOS_DEPLOYMENT_TARGET = 15.0;
				LD_RUNPATH_SEARCH_PATHS = (
					"$(inherited)",
					"@executable_path/Frameworks",
					"@loader_path/Frameworks",
				);
				MARKETING_VERSION = 1.0;
				PRODUCT_BUNDLE_IDENTIFIER = com.eightbam.MahjongPracticeTests;
				PRODUCT_NAME = "$(TARGET_NAME)";
				SWIFT_EMIT_LOC_STRINGS = NO;
				SWIFT_VERSION = 5.0;
				TARGETED_DEVICE_FAMILY = "1,2";
				TEST_HOST = "$(BUILT_PRODUCTS_DIR)/MahjongPractice.app/MahjongPractice";
			};
			name = Debug;
		};
		714251C927078626001AE6F0 /* Release */ = {
			isa = XCBuildConfiguration;
			baseConfigurationReference = 20B3ACE0F49E212BDA5BE028 /* Pods-MahjongPracticeTests.release.xcconfig */;
			buildSettings = {
				ALWAYS_EMBED_SWIFT_STANDARD_LIBRARIES = YES;
				BUNDLE_LOADER = "$(TEST_HOST)";
				CODE_SIGN_STYLE = Automatic;
				CURRENT_PROJECT_VERSION = 1;
				DEVELOPMENT_TEAM = 26UUUMB93E;
				GENERATE_INFOPLIST_FILE = YES;
				IPHONEOS_DEPLOYMENT_TARGET = 15.0;
				LD_RUNPATH_SEARCH_PATHS = (
					"$(inherited)",
					"@executable_path/Frameworks",
					"@loader_path/Frameworks",
				);
				MARKETING_VERSION = 1.0;
				PRODUCT_BUNDLE_IDENTIFIER = com.eightbam.MahjongPracticeTests;
				PRODUCT_NAME = "$(TARGET_NAME)";
				SWIFT_EMIT_LOC_STRINGS = NO;
				SWIFT_VERSION = 5.0;
				TARGETED_DEVICE_FAMILY = "1,2";
				TEST_HOST = "$(BUILT_PRODUCTS_DIR)/MahjongPractice.app/MahjongPractice";
			};
			name = Release;
		};
		714251CB27078626001AE6F0 /* Debug */ = {
			isa = XCBuildConfiguration;
			baseConfigurationReference = 5709E3B66BCF2B32E7ACF1F9 /* Pods-MahjongPractice-MahjongPracticeUITests.debug.xcconfig */;
			buildSettings = {
				ALWAYS_EMBED_SWIFT_STANDARD_LIBRARIES = YES;
				CODE_SIGN_STYLE = Automatic;
				CURRENT_PROJECT_VERSION = 1;
				DEVELOPMENT_TEAM = 26UUUMB93E;
				GENERATE_INFOPLIST_FILE = YES;
				LD_RUNPATH_SEARCH_PATHS = (
					"$(inherited)",
					"@executable_path/Frameworks",
					"@loader_path/Frameworks",
				);
				MARKETING_VERSION = 1.0;
				PRODUCT_BUNDLE_IDENTIFIER = com.eightbam.MahjongPracticeUITests;
				PRODUCT_NAME = "$(TARGET_NAME)";
				SWIFT_EMIT_LOC_STRINGS = NO;
				SWIFT_VERSION = 5.0;
				TARGETED_DEVICE_FAMILY = "1,2";
				TEST_TARGET_NAME = MahjongPractice;
			};
			name = Debug;
		};
		714251CC27078626001AE6F0 /* Release */ = {
			isa = XCBuildConfiguration;
			baseConfigurationReference = 41FE85C2C397AC47C2C352E0 /* Pods-MahjongPractice-MahjongPracticeUITests.release.xcconfig */;
			buildSettings = {
				ALWAYS_EMBED_SWIFT_STANDARD_LIBRARIES = YES;
				CODE_SIGN_STYLE = Automatic;
				CURRENT_PROJECT_VERSION = 1;
				DEVELOPMENT_TEAM = 26UUUMB93E;
				GENERATE_INFOPLIST_FILE = YES;
				LD_RUNPATH_SEARCH_PATHS = (
					"$(inherited)",
					"@executable_path/Frameworks",
					"@loader_path/Frameworks",
				);
				MARKETING_VERSION = 1.0;
				PRODUCT_BUNDLE_IDENTIFIER = com.eightbam.MahjongPracticeUITests;
				PRODUCT_NAME = "$(TARGET_NAME)";
				SWIFT_EMIT_LOC_STRINGS = NO;
				SWIFT_VERSION = 5.0;
				TARGETED_DEVICE_FAMILY = "1,2";
				TEST_TARGET_NAME = MahjongPractice;
			};
			name = Release;
		};
/* End XCBuildConfiguration section */

/* Begin XCConfigurationList section */
		7142519527078624001AE6F0 /* Build configuration list for PBXProject "MahjongPractice" */ = {
			isa = XCConfigurationList;
			buildConfigurations = (
				714251C227078626001AE6F0 /* Debug */,
				714251C327078626001AE6F0 /* Release */,
			);
			defaultConfigurationIsVisible = 0;
			defaultConfigurationName = Release;
		};
		714251C427078626001AE6F0 /* Build configuration list for PBXNativeTarget "MahjongPractice" */ = {
			isa = XCConfigurationList;
			buildConfigurations = (
				714251C527078626001AE6F0 /* Debug */,
				714251C627078626001AE6F0 /* Release */,
			);
			defaultConfigurationIsVisible = 0;
			defaultConfigurationName = Release;
		};
		714251C727078626001AE6F0 /* Build configuration list for PBXNativeTarget "MahjongPracticeTests" */ = {
			isa = XCConfigurationList;
			buildConfigurations = (
				714251C827078626001AE6F0 /* Debug */,
				714251C927078626001AE6F0 /* Release */,
			);
			defaultConfigurationIsVisible = 0;
			defaultConfigurationName = Release;
		};
		714251CA27078626001AE6F0 /* Build configuration list for PBXNativeTarget "MahjongPracticeUITests" */ = {
			isa = XCConfigurationList;
			buildConfigurations = (
				714251CB27078626001AE6F0 /* Debug */,
				714251CC27078626001AE6F0 /* Release */,
			);
			defaultConfigurationIsVisible = 0;
			defaultConfigurationName = Release;
		};
/* End XCConfigurationList section */
	};
	rootObject = 7142519227078624001AE6F0 /* Project object */;
}
